
Microsoft Visual Studio Solution File, Format Version 12.00
# Visual Studio 15
Project("{FAE04EC0-301F-11D3-BF4B-00C04F79EFBC}") = "UnityEngine.TestRunner", "UnityEngine.TestRunner.csproj", "{7D3CCECE-900A-1AA0-E33F-BA62F86957B9}"
EndProject
Project("{FAE04EC0-301F-11D3-BF4B-00C04F79EFBC}") = "UnityEngine.UI", "UnityEngine.UI.csproj", "{444C91BE-5C2D-B7E3-189F-F48C80C3505B}"
EndProject
Project("{FAE04EC0-301F-11D3-BF4B-00C04F79EFBC}") = "Unity.TextMeshPro", "Unity.TextMeshPro.csproj", "{D86CC97B-834C-FB45-B8FA-60E91CAB52EF}"
EndProject
Project("{FAE04EC0-301F-11D3-BF4B-00C04F79EFBC}") = "Unity.Timeline", "Unity.Timeline.csproj", "{241FE233-DF32-B538-31BF-239B8C90811E}"
EndProject
Project("{FAE04EC0-301F-11D3-BF4B-00C04F79EFBC}") = "Assembly-CSharp", "Assembly-CSharp.csproj", "{E7F95FDB-5702-575F-C2B7-5B010C2BE6B1}"
EndProject
Project("{FAE04EC0-301F-11D3-BF4B-00C04F79EFBC}") = "SimpleWebTransport", "SimpleWebTransport.csproj", "{036981AF-297A-2AED-205E-F1B629A9FD77}"
EndProject
Project("{FAE04EC0-301F-11D3-BF4B-00C04F79EFBC}") = "Mirror", "Mirror.csproj", "{1F89666F-1CBD-99EA-79F5-68F7F16A081B}"
EndProject
Project("{FAE04EC0-301F-11D3-BF4B-00C04F79EFBC}") = "Telepathy", "Telepathy.csproj", "{5A9683DE-2598-F6BE-3095-E65B6B45BD58}"
EndProject
Project("{FAE04EC0-301F-11D3-BF4B-00C04F79EFBC}") = "Mirror.Cloud", "Mirror.Cloud.csproj", "{7A2A3FB6-ADB6-28DF-05C2-1871275BDB64}"
EndProject
Project("{FAE04EC0-301F-11D3-BF4B-00C04F79EFBC}") = "Mirror.Components", "Mirror.Components.csproj", "{803F4B83-8D03-8619-8A15-B83EA2E20ABC}"
EndProject
Project("{FAE04EC0-301F-11D3-BF4B-00C04F79EFBC}") = "Mirror.Examples", "Mirror.Examples.csproj", "{EA68B2F6-48D2-BBA9-2C63-50AD1298B832}"
EndProject
Project("{FAE04EC0-301F-11D3-BF4B-00C04F79EFBC}") = "Mirror.Examples.Cloud.GUI", "Mirror.Examples.Cloud.GUI.csproj", "{3A3B113E-7EE5-8C90-7C28-9096980A38A4}"
EndProject
Project("{FAE04EC0-301F-11D3-BF4B-00C04F79EFBC}") = "kcp2k", "kcp2k.csproj", "{607E4593-1367-D436-6BDA-22592D6D2C27}"
EndProject
Project("{FAE04EC0-301F-11D3-BF4B-00C04F79EFBC}") = "Mirror.Examples.Cloud.Pong", "Mirror.Examples.Cloud.Pong.csproj", "{7D3F81BC-AA9C-7E60-9564-5F57ABFDED5B}"
EndProject
Project("{FAE04EC0-301F-11D3-BF4B-00C04F79EFBC}") = "Mirror.Authenticators", "Mirror.Authenticators.csproj", "{3ED88E3C-C953-B4FE-F833-57569081EB7C}"
EndProject
Project("{FAE04EC0-301F-11D3-BF4B-00C04F79EFBC}") = "UnityEditor.TestRunner", "UnityEditor.TestRunner.csproj", "{6D1AD6C2-CDB1-FA7B-B375-48E064771395}"
EndProject
Project("{FAE04EC0-301F-11D3-BF4B-00C04F79EFBC}") = "Unity.TextMeshPro.Editor", "Unity.TextMeshPro.Editor.csproj", "{B2D2A775-0134-9986-CB2A-5AF93D8AE9CA}"
EndProject
Project("{FAE04EC0-301F-11D3-BF4B-00C04F79EFBC}") = "Unity.Timeline.Editor", "Unity.Timeline.Editor.csproj", "{33A4B243-E286-2795-1465-F8839636BC68}"
EndProject
Project("{FAE04EC0-301F-11D3-BF4B-00C04F79EFBC}") = "UnityEditor.UI", "UnityEditor.UI.csproj", "{FA1E48FB-8448-A14B-F56F-C6D85FE36ACF}"
EndProject
Project("{FAE04EC0-301F-11D3-BF4B-00C04F79EFBC}") = "Unity.Rider.Editor", "Unity.Rider.Editor.csproj", "{AD3A6726-0B66-918F-E591-6DD461C4206C}"
EndProject
Project("{FAE04EC0-301F-11D3-BF4B-00C04F79EFBC}") = "Unity.CollabProxy.Editor", "Unity.CollabProxy.Editor.csproj", "{AE1B71EC-FE19-F541-5DE1-3FD3C977B55B}"
EndProject
Project("{FAE04EC0-301F-11D3-BF4B-00C04F79EFBC}") = "Unity.VSCode.Editor", "Unity.VSCode.Editor.csproj", "{DC6E5B7B-8177-36B3-5CA9-7671267E9FD9}"
EndProject
Project("{FAE04EC0-301F-11D3-BF4B-00C04F79EFBC}") = "Mirror.Weaver", "Mirror.Weaver.csproj", "{81CF5FC9-21A0-652D-0F48-5D527397E4D0}"
EndProject
Project("{FAE04EC0-301F-11D3-BF4B-00C04F79EFBC}") = "Mirror.Editor", "Mirror.Editor.csproj", "{96AD58A2-221A-4E97-F291-22FDAAC71EC2}"
EndProject
Project("{FAE04EC0-301F-11D3-BF4B-00C04F79EFBC}") = "Mirror.CompilerSymbols", "Mirror.CompilerSymbols.csproj", "{06836C98-0874-99D5-D6E5-08DEC58C6818}"
EndProject
Project("{FAE04EC0-301F-11D3-BF4B-00C04F79EFBC}") = "ParrelSync", "ParrelSync.csproj", "{E9E44615-B42A-F86D-150D-E34F3FD680FB}"
EndProject
Project("{FAE04EC0-301F-11D3-BF4B-00C04F79EFBC}") = "Assembly-CSharp.Player", "Assembly-CSharp.Player.csproj", "{6066E543-6188-A440-E372-875A7F02E00F}"
EndProject
Project("{FAE04EC0-301F-11D3-BF4B-00C04F79EFBC}") = "SimpleWebTransport.Player", "SimpleWebTransport.Player.csproj", "{D02956D5-9AE0-F6AB-08C7-512B6D3B06C4}"
EndProject
Project("{FAE04EC0-301F-11D3-BF4B-00C04F79EFBC}") = "Mirror.Player", "Mirror.Player.csproj", "{D49B0D44-5AB4-7C5F-9C02-F6A9DB3D9105}"
EndProject
Project("{FAE04EC0-301F-11D3-BF4B-00C04F79EFBC}") = "Telepathy.Player", "Telepathy.Player.csproj", "{C16B5DBF-DCC7-AD9A-E522-E41BF670B267}"
EndProject
Project("{FAE04EC0-301F-11D3-BF4B-00C04F79EFBC}") = "Mirror.Cloud.Player", "Mirror.Cloud.Player.csproj", "{DF71981F-5385-7165-65E7-3FCC8220CF2E}"
EndProject
Project("{FAE04EC0-301F-11D3-BF4B-00C04F79EFBC}") = "Mirror.Components.Player", "Mirror.Components.Player.csproj", "{9A3DE2FA-A420-2077-BCDB-C52E3C5E5EC1}"
EndProject
Project("{FAE04EC0-301F-11D3-BF4B-00C04F79EFBC}") = "Mirror.Examples.Player", "Mirror.Examples.Player.csproj", "{78545DF5-A355-F07F-3914-D7D55A3B79A8}"
EndProject
Project("{FAE04EC0-301F-11D3-BF4B-00C04F79EFBC}") = "Mirror.Examples.Cloud.GUI.Player", "Mirror.Examples.Cloud.GUI.Player.csproj", "{E1B8CFCE-EA8A-C9BA-AF24-02507749D983}"
EndProject
Project("{FAE04EC0-301F-11D3-BF4B-00C04F79EFBC}") = "kcp2k.Player", "kcp2k.Player.csproj", "{12011AB3-5BD8-202C-D902-FA8791E1C973}"
EndProject
Project("{FAE04EC0-301F-11D3-BF4B-00C04F79EFBC}") = "Mirror.Examples.Cloud.Pong.Player", "Mirror.Examples.Cloud.Pong.Player.csproj", "{32137C29-5DEF-0F94-6670-C111951B80F2}"
EndProject
Project("{FAE04EC0-301F-11D3-BF4B-00C04F79EFBC}") = "Mirror.Authenticators.Player", "Mirror.Authenticators.Player.csproj", "{693002C0-90D5-CA66-833B-0229A287E270}"
EndProject
Global
	GlobalSection(SolutionConfigurationPlatforms) = preSolution
		Debug|Any CPU = Debug|Any CPU
		Release|Any CPU = Release|Any CPU
	EndGlobalSection
	GlobalSection(ProjectConfigurationPlatforms) = postSolution
		{7D3CCECE-900A-1AA0-E33F-BA62F86957B9}.Debug|Any CPU.ActiveCfg = Debug|Any CPU
		{7D3CCECE-900A-1AA0-E33F-BA62F86957B9}.Debug|Any CPU.Build.0 = Debug|Any CPU
		{7D3CCECE-900A-1AA0-E33F-BA62F86957B9}.Release|Any CPU.ActiveCfg = Release|Any CPU
		{7D3CCECE-900A-1AA0-E33F-BA62F86957B9}.Release|Any CPU.Build.0 = Release|Any CPU
		{444C91BE-5C2D-B7E3-189F-F48C80C3505B}.Debug|Any CPU.ActiveCfg = Debug|Any CPU
		{444C91BE-5C2D-B7E3-189F-F48C80C3505B}.Debug|Any CPU.Build.0 = Debug|Any CPU
		{444C91BE-5C2D-B7E3-189F-F48C80C3505B}.Release|Any CPU.ActiveCfg = Release|Any CPU
		{444C91BE-5C2D-B7E3-189F-F48C80C3505B}.Release|Any CPU.Build.0 = Release|Any CPU
		{D86CC97B-834C-FB45-B8FA-60E91CAB52EF}.Debug|Any CPU.ActiveCfg = Debug|Any CPU
		{D86CC97B-834C-FB45-B8FA-60E91CAB52EF}.Debug|Any CPU.Build.0 = Debug|Any CPU
		{D86CC97B-834C-FB45-B8FA-60E91CAB52EF}.Release|Any CPU.ActiveCfg = Release|Any CPU
		{D86CC97B-834C-FB45-B8FA-60E91CAB52EF}.Release|Any CPU.Build.0 = Release|Any CPU
		{241FE233-DF32-B538-31BF-239B8C90811E}.Debug|Any CPU.ActiveCfg = Debug|Any CPU
		{241FE233-DF32-B538-31BF-239B8C90811E}.Debug|Any CPU.Build.0 = Debug|Any CPU
		{241FE233-DF32-B538-31BF-239B8C90811E}.Release|Any CPU.ActiveCfg = Release|Any CPU
		{241FE233-DF32-B538-31BF-239B8C90811E}.Release|Any CPU.Build.0 = Release|Any CPU
		{E7F95FDB-5702-575F-C2B7-5B010C2BE6B1}.Debug|Any CPU.ActiveCfg = Debug|Any CPU
		{E7F95FDB-5702-575F-C2B7-5B010C2BE6B1}.Debug|Any CPU.Build.0 = Debug|Any CPU
		{E7F95FDB-5702-575F-C2B7-5B010C2BE6B1}.Release|Any CPU.ActiveCfg = Release|Any CPU
		{E7F95FDB-5702-575F-C2B7-5B010C2BE6B1}.Release|Any CPU.Build.0 = Release|Any CPU
		{036981AF-297A-2AED-205E-F1B629A9FD77}.Debug|Any CPU.ActiveCfg = Debug|Any CPU
		{036981AF-297A-2AED-205E-F1B629A9FD77}.Debug|Any CPU.Build.0 = Debug|Any CPU
		{036981AF-297A-2AED-205E-F1B629A9FD77}.Release|Any CPU.ActiveCfg = Release|Any CPU
		{036981AF-297A-2AED-205E-F1B629A9FD77}.Release|Any CPU.Build.0 = Release|Any CPU
		{1F89666F-1CBD-99EA-79F5-68F7F16A081B}.Debug|Any CPU.ActiveCfg = Debug|Any CPU
		{1F89666F-1CBD-99EA-79F5-68F7F16A081B}.Debug|Any CPU.Build.0 = Debug|Any CPU
		{1F89666F-1CBD-99EA-79F5-68F7F16A081B}.Release|Any CPU.ActiveCfg = Release|Any CPU
		{1F89666F-1CBD-99EA-79F5-68F7F16A081B}.Release|Any CPU.Build.0 = Release|Any CPU
		{5A9683DE-2598-F6BE-3095-E65B6B45BD58}.Debug|Any CPU.ActiveCfg = Debug|Any CPU
		{5A9683DE-2598-F6BE-3095-E65B6B45BD58}.Debug|Any CPU.Build.0 = Debug|Any CPU
		{5A9683DE-2598-F6BE-3095-E65B6B45BD58}.Release|Any CPU.ActiveCfg = Release|Any CPU
		{5A9683DE-2598-F6BE-3095-E65B6B45BD58}.Release|Any CPU.Build.0 = Release|Any CPU
		{7A2A3FB6-ADB6-28DF-05C2-1871275BDB64}.Debug|Any CPU.ActiveCfg = Debug|Any CPU
		{7A2A3FB6-ADB6-28DF-05C2-1871275BDB64}.Debug|Any CPU.Build.0 = Debug|Any CPU
		{7A2A3FB6-ADB6-28DF-05C2-1871275BDB64}.Release|Any CPU.ActiveCfg = Release|Any CPU
		{7A2A3FB6-ADB6-28DF-05C2-1871275BDB64}.Release|Any CPU.Build.0 = Release|Any CPU
		{803F4B83-8D03-8619-8A15-B83EA2E20ABC}.Debug|Any CPU.ActiveCfg = Debug|Any CPU
		{803F4B83-8D03-8619-8A15-B83EA2E20ABC}.Debug|Any CPU.Build.0 = Debug|Any CPU
		{803F4B83-8D03-8619-8A15-B83EA2E20ABC}.Release|Any CPU.ActiveCfg = Release|Any CPU
		{803F4B83-8D03-8619-8A15-B83EA2E20ABC}.Release|Any CPU.Build.0 = Release|Any CPU
		{EA68B2F6-48D2-BBA9-2C63-50AD1298B832}.Debug|Any CPU.ActiveCfg = Debug|Any CPU
		{EA68B2F6-48D2-BBA9-2C63-50AD1298B832}.Debug|Any CPU.Build.0 = Debug|Any CPU
		{EA68B2F6-48D2-BBA9-2C63-50AD1298B832}.Release|Any CPU.ActiveCfg = Release|Any CPU
		{EA68B2F6-48D2-BBA9-2C63-50AD1298B832}.Release|Any CPU.Build.0 = Release|Any CPU
		{3A3B113E-7EE5-8C90-7C28-9096980A38A4}.Debug|Any CPU.ActiveCfg = Debug|Any CPU
		{3A3B113E-7EE5-8C90-7C28-9096980A38A4}.Debug|Any CPU.Build.0 = Debug|Any CPU
		{3A3B113E-7EE5-8C90-7C28-9096980A38A4}.Release|Any CPU.ActiveCfg = Release|Any CPU
		{3A3B113E-7EE5-8C90-7C28-9096980A38A4}.Release|Any CPU.Build.0 = Release|Any CPU
		{607E4593-1367-D436-6BDA-22592D6D2C27}.Debug|Any CPU.ActiveCfg = Debug|Any CPU
		{607E4593-1367-D436-6BDA-22592D6D2C27}.Debug|Any CPU.Build.0 = Debug|Any CPU
		{607E4593-1367-D436-6BDA-22592D6D2C27}.Release|Any CPU.ActiveCfg = Release|Any CPU
		{607E4593-1367-D436-6BDA-22592D6D2C27}.Release|Any CPU.Build.0 = Release|Any CPU
		{7D3F81BC-AA9C-7E60-9564-5F57ABFDED5B}.Debug|Any CPU.ActiveCfg = Debug|Any CPU
		{7D3F81BC-AA9C-7E60-9564-5F57ABFDED5B}.Debug|Any CPU.Build.0 = Debug|Any CPU
		{7D3F81BC-AA9C-7E60-9564-5F57ABFDED5B}.Release|Any CPU.ActiveCfg = Release|Any CPU
		{7D3F81BC-AA9C-7E60-9564-5F57ABFDED5B}.Release|Any CPU.Build.0 = Release|Any CPU
		{3ED88E3C-C953-B4FE-F833-57569081EB7C}.Debug|Any CPU.ActiveCfg = Debug|Any CPU
		{3ED88E3C-C953-B4FE-F833-57569081EB7C}.Debug|Any CPU.Build.0 = Debug|Any CPU
		{3ED88E3C-C953-B4FE-F833-57569081EB7C}.Release|Any CPU.ActiveCfg = Release|Any CPU
		{3ED88E3C-C953-B4FE-F833-57569081EB7C}.Release|Any CPU.Build.0 = Release|Any CPU
		{6D1AD6C2-CDB1-FA7B-B375-48E064771395}.Debug|Any CPU.ActiveCfg = Debug|Any CPU
		{6D1AD6C2-CDB1-FA7B-B375-48E064771395}.Debug|Any CPU.Build.0 = Debug|Any CPU
		{6D1AD6C2-CDB1-FA7B-B375-48E064771395}.Release|Any CPU.ActiveCfg = Release|Any CPU
		{6D1AD6C2-CDB1-FA7B-B375-48E064771395}.Release|Any CPU.Build.0 = Release|Any CPU
		{B2D2A775-0134-9986-CB2A-5AF93D8AE9CA}.Debug|Any CPU.ActiveCfg = Debug|Any CPU
		{B2D2A775-0134-9986-CB2A-5AF93D8AE9CA}.Debug|Any CPU.Build.0 = Debug|Any CPU
		{B2D2A775-0134-9986-CB2A-5AF93D8AE9CA}.Release|Any CPU.ActiveCfg = Release|Any CPU
		{B2D2A775-0134-9986-CB2A-5AF93D8AE9CA}.Release|Any CPU.Build.0 = Release|Any CPU
		{33A4B243-E286-2795-1465-F8839636BC68}.Debug|Any CPU.ActiveCfg = Debug|Any CPU
		{33A4B243-E286-2795-1465-F8839636BC68}.Debug|Any CPU.Build.0 = Debug|Any CPU
		{33A4B243-E286-2795-1465-F8839636BC68}.Release|Any CPU.ActiveCfg = Release|Any CPU
		{33A4B243-E286-2795-1465-F8839636BC68}.Release|Any CPU.Build.0 = Release|Any CPU
		{FA1E48FB-8448-A14B-F56F-C6D85FE36ACF}.Debug|Any CPU.ActiveCfg = Debug|Any CPU
		{FA1E48FB-8448-A14B-F56F-C6D85FE36ACF}.Debug|Any CPU.Build.0 = Debug|Any CPU
		{FA1E48FB-8448-A14B-F56F-C6D85FE36ACF}.Release|Any CPU.ActiveCfg = Release|Any CPU
		{FA1E48FB-8448-A14B-F56F-C6D85FE36ACF}.Release|Any CPU.Build.0 = Release|Any CPU
		{AD3A6726-0B66-918F-E591-6DD461C4206C}.Debug|Any CPU.ActiveCfg = Debug|Any CPU
		{AD3A6726-0B66-918F-E591-6DD461C4206C}.Debug|Any CPU.Build.0 = Debug|Any CPU
		{AD3A6726-0B66-918F-E591-6DD461C4206C}.Release|Any CPU.ActiveCfg = Release|Any CPU
		{AD3A6726-0B66-918F-E591-6DD461C4206C}.Release|Any CPU.Build.0 = Release|Any CPU
		{AE1B71EC-FE19-F541-5DE1-3FD3C977B55B}.Debug|Any CPU.ActiveCfg = Debug|Any CPU
		{AE1B71EC-FE19-F541-5DE1-3FD3C977B55B}.Debug|Any CPU.Build.0 = Debug|Any CPU
		{AE1B71EC-FE19-F541-5DE1-3FD3C977B55B}.Release|Any CPU.ActiveCfg = Release|Any CPU
		{AE1B71EC-FE19-F541-5DE1-3FD3C977B55B}.Release|Any CPU.Build.0 = Release|Any CPU
		{DC6E5B7B-8177-36B3-5CA9-7671267E9FD9}.Debug|Any CPU.ActiveCfg = Debug|Any CPU
		{DC6E5B7B-8177-36B3-5CA9-7671267E9FD9}.Debug|Any CPU.Build.0 = Debug|Any CPU
		{DC6E5B7B-8177-36B3-5CA9-7671267E9FD9}.Release|Any CPU.ActiveCfg = Release|Any CPU
		{DC6E5B7B-8177-36B3-5CA9-7671267E9FD9}.Release|Any CPU.Build.0 = Release|Any CPU
		{81CF5FC9-21A0-652D-0F48-5D527397E4D0}.Debug|Any CPU.ActiveCfg = Debug|Any CPU
		{81CF5FC9-21A0-652D-0F48-5D527397E4D0}.Debug|Any CPU.Build.0 = Debug|Any CPU
		{81CF5FC9-21A0-652D-0F48-5D527397E4D0}.Release|Any CPU.ActiveCfg = Release|Any CPU
		{81CF5FC9-21A0-652D-0F48-5D527397E4D0}.Release|Any CPU.Build.0 = Release|Any CPU
		{96AD58A2-221A-4E97-F291-22FDAAC71EC2}.Debug|Any CPU.ActiveCfg = Debug|Any CPU
		{96AD58A2-221A-4E97-F291-22FDAAC71EC2}.Debug|Any CPU.Build.0 = Debug|Any CPU
		{96AD58A2-221A-4E97-F291-22FDAAC71EC2}.Release|Any CPU.ActiveCfg = Release|Any CPU
		{96AD58A2-221A-4E97-F291-22FDAAC71EC2}.Release|Any CPU.Build.0 = Release|Any CPU
		{06836C98-0874-99D5-D6E5-08DEC58C6818}.Debug|Any CPU.ActiveCfg = Debug|Any CPU
		{06836C98-0874-99D5-D6E5-08DEC58C6818}.Debug|Any CPU.Build.0 = Debug|Any CPU
		{06836C98-0874-99D5-D6E5-08DEC58C6818}.Release|Any CPU.ActiveCfg = Release|Any CPU
		{06836C98-0874-99D5-D6E5-08DEC58C6818}.Release|Any CPU.Build.0 = Release|Any CPU
		{E9E44615-B42A-F86D-150D-E34F3FD680FB}.Debug|Any CPU.ActiveCfg = Debug|Any CPU
		{E9E44615-B42A-F86D-150D-E34F3FD680FB}.Debug|Any CPU.Build.0 = Debug|Any CPU
		{E9E44615-B42A-F86D-150D-E34F3FD680FB}.Release|Any CPU.ActiveCfg = Release|Any CPU
		{E9E44615-B42A-F86D-150D-E34F3FD680FB}.Release|Any CPU.Build.0 = Release|Any CPU
		{6066E543-6188-A440-E372-875A7F02E00F}.Debug|Any CPU.ActiveCfg = Debug|Any CPU
		{6066E543-6188-A440-E372-875A7F02E00F}.Debug|Any CPU.Build.0 = Debug|Any CPU
		{6066E543-6188-A440-E372-875A7F02E00F}.Release|Any CPU.ActiveCfg = Release|Any CPU
		{6066E543-6188-A440-E372-875A7F02E00F}.Release|Any CPU.Build.0 = Release|Any CPU
		{D02956D5-9AE0-F6AB-08C7-512B6D3B06C4}.Debug|Any CPU.ActiveCfg = Debug|Any CPU
		{D02956D5-9AE0-F6AB-08C7-512B6D3B06C4}.Debug|Any CPU.Build.0 = Debug|Any CPU
		{D02956D5-9AE0-F6AB-08C7-512B6D3B06C4}.Release|Any CPU.ActiveCfg = Release|Any CPU
		{D02956D5-9AE0-F6AB-08C7-512B6D3B06C4}.Release|Any CPU.Build.0 = Release|Any CPU
		{D49B0D44-5AB4-7C5F-9C02-F6A9DB3D9105}.Debug|Any CPU.ActiveCfg = Debug|Any CPU
		{D49B0D44-5AB4-7C5F-9C02-F6A9DB3D9105}.Debug|Any CPU.Build.0 = Debug|Any CPU
		{D49B0D44-5AB4-7C5F-9C02-F6A9DB3D9105}.Release|Any CPU.ActiveCfg = Release|Any CPU
		{D49B0D44-5AB4-7C5F-9C02-F6A9DB3D9105}.Release|Any CPU.Build.0 = Release|Any CPU
		{C16B5DBF-DCC7-AD9A-E522-E41BF670B267}.Debug|Any CPU.ActiveCfg = Debug|Any CPU
		{C16B5DBF-DCC7-AD9A-E522-E41BF670B267}.Debug|Any CPU.Build.0 = Debug|Any CPU
		{C16B5DBF-DCC7-AD9A-E522-E41BF670B267}.Release|Any CPU.ActiveCfg = Release|Any CPU
		{C16B5DBF-DCC7-AD9A-E522-E41BF670B267}.Release|Any CPU.Build.0 = Release|Any CPU
		{DF71981F-5385-7165-65E7-3FCC8220CF2E}.Debug|Any CPU.ActiveCfg = Debug|Any CPU
		{DF71981F-5385-7165-65E7-3FCC8220CF2E}.Debug|Any CPU.Build.0 = Debug|Any CPU
		{DF71981F-5385-7165-65E7-3FCC8220CF2E}.Release|Any CPU.ActiveCfg = Release|Any CPU
		{DF71981F-5385-7165-65E7-3FCC8220CF2E}.Release|Any CPU.Build.0 = Release|Any CPU
		{9A3DE2FA-A420-2077-BCDB-C52E3C5E5EC1}.Debug|Any CPU.ActiveCfg = Debug|Any CPU
		{9A3DE2FA-A420-2077-BCDB-C52E3C5E5EC1}.Debug|Any CPU.Build.0 = Debug|Any CPU
		{9A3DE2FA-A420-2077-BCDB-C52E3C5E5EC1}.Release|Any CPU.ActiveCfg = Release|Any CPU
		{9A3DE2FA-A420-2077-BCDB-C52E3C5E5EC1}.Release|Any CPU.Build.0 = Release|Any CPU
		{78545DF5-A355-F07F-3914-D7D55A3B79A8}.Debug|Any CPU.ActiveCfg = Debug|Any CPU
		{78545DF5-A355-F07F-3914-D7D55A3B79A8}.Debug|Any CPU.Build.0 = Debug|Any CPU
		{78545DF5-A355-F07F-3914-D7D55A3B79A8}.Release|Any CPU.ActiveCfg = Release|Any CPU
		{78545DF5-A355-F07F-3914-D7D55A3B79A8}.Release|Any CPU.Build.0 = Release|Any CPU
		{E1B8CFCE-EA8A-C9BA-AF24-02507749D983}.Debug|Any CPU.ActiveCfg = Debug|Any CPU
		{E1B8CFCE-EA8A-C9BA-AF24-02507749D983}.Debug|Any CPU.Build.0 = Debug|Any CPU
		{E1B8CFCE-EA8A-C9BA-AF24-02507749D983}.Release|Any CPU.ActiveCfg = Release|Any CPU
		{E1B8CFCE-EA8A-C9BA-AF24-02507749D983}.Release|Any CPU.Build.0 = Release|Any CPU
		{12011AB3-5BD8-202C-D902-FA8791E1C973}.Debug|Any CPU.ActiveCfg = Debug|Any CPU
		{12011AB3-5BD8-202C-D902-FA8791E1C973}.Debug|Any CPU.Build.0 = Debug|Any CPU
		{12011AB3-5BD8-202C-D902-FA8791E1C973}.Release|Any CPU.ActiveCfg = Release|Any CPU
		{12011AB3-5BD8-202C-D902-FA8791E1C973}.Release|Any CPU.Build.0 = Release|Any CPU
		{32137C29-5DEF-0F94-6670-C111951B80F2}.Debug|Any CPU.ActiveCfg = Debug|Any CPU
		{32137C29-5DEF-0F94-6670-C111951B80F2}.Debug|Any CPU.Build.0 = Debug|Any CPU
		{32137C29-5DEF-0F94-6670-C111951B80F2}.Release|Any CPU.ActiveCfg = Release|Any CPU
		{32137C29-5DEF-0F94-6670-C111951B80F2}.Release|Any CPU.Build.0 = Release|Any CPU
		{693002C0-90D5-CA66-833B-0229A287E270}.Debug|Any CPU.ActiveCfg = Debug|Any CPU
		{693002C0-90D5-CA66-833B-0229A287E270}.Debug|Any CPU.Build.0 = Debug|Any CPU
		{693002C0-90D5-CA66-833B-0229A287E270}.Release|Any CPU.ActiveCfg = Release|Any CPU
		{693002C0-90D5-CA66-833B-0229A287E270}.Release|Any CPU.Build.0 = Release|Any CPU
	EndGlobalSection
	GlobalSection(SolutionProperties) = preSolution
		HideSolutionNode = FALSE
	EndGlobalSection
EndGlobal
