
Microsoft Visual Studio Solution File, Format Version 12.00
# Visual Studio 15
Project("{FAE04EC0-301F-11D3-BF4B-00C04F79EFBC}") = "UnityEngine.UI", "UnityEngine.UI.csproj", "{D42E293B-53BB-C3FE-53EB-3227DB1E2B21}"
EndProject
Project("{FAE04EC0-301F-11D3-BF4B-00C04F79EFBC}") = "UnityEngine.TestRunner", "UnityEngine.TestRunner.csproj", "{2B6ADEB8-CC6D-7DF9-CEB6-CB4C19BF8980}"
EndProject
Project("{FAE04EC0-301F-11D3-BF4B-00C04F79EFBC}") = "SimpleWebTransport", "SimpleWebTransport.csproj", "{94AA54A9-1364-A4F7-2359-CBF6438E825A}"
EndProject
Project("{FAE04EC0-301F-11D3-BF4B-00C04F79EFBC}") = "Mirror", "Mirror.csproj", "{2C8DC6AF-8704-EA37-899C-92D5FE0C39DF}"
EndProject
Project("{FAE04EC0-301F-11D3-BF4B-00C04F79EFBC}") = "Unity.TextMeshPro", "Unity.TextMeshPro.csproj", "{AFCCDB68-AEA1-3365-6FCA-75606587CC8C}"
EndProject
Project("{FAE04EC0-301F-11D3-BF4B-00C04F79EFBC}") = "Unity.Timeline", "Unity.Timeline.csproj", "{19D16B90-D198-1C39-616B-790AA8D44D05}"
EndProject
Project("{FAE04EC0-301F-11D3-BF4B-00C04F79EFBC}") = "Telepathy", "Telepathy.csproj", "{A8D19690-EAD4-3F51-4DAA-5781EA11AC93}"
EndProject
Project("{FAE04EC0-301F-11D3-BF4B-00C04F79EFBC}") = "Mirror.Cloud", "Mirror.Cloud.csproj", "{756565F9-CA5E-A465-8A61-05A19E9016A7}"
EndProject
Project("{FAE04EC0-301F-11D3-BF4B-00C04F79EFBC}") = "Mirror.Components", "Mirror.Components.csproj", "{14C900C0-9372-9F02-E2BB-58515771676C}"
EndProject
Project("{FAE04EC0-301F-11D3-BF4B-00C04F79EFBC}") = "Mirror.Examples", "Mirror.Examples.csproj", "{949B9B0F-DCFA-ACB7-62BE-17DD37032E31}"
EndProject
Project("{FAE04EC0-301F-11D3-BF4B-00C04F79EFBC}") = "Mirror.Examples.Cloud.GUI", "Mirror.Examples.Cloud.GUI.csproj", "{430ED599-A436-E95B-E153-240624DBC106}"
EndProject
Project("{FAE04EC0-301F-11D3-BF4B-00C04F79EFBC}") = "kcp2k", "kcp2k.csproj", "{0FF5ECB1-D72C-EBDD-D220-7494459ED13E}"
EndProject
Project("{FAE04EC0-301F-11D3-BF4B-00C04F79EFBC}") = "Mirror.Examples.Cloud.Pong", "Mirror.Examples.Cloud.Pong.csproj", "{3F5C505D-6CA4-C7A6-3800-9D90902EADD1}"
EndProject
Project("{FAE04EC0-301F-11D3-BF4B-00C04F79EFBC}") = "Mirror.Authenticators", "Mirror.Authenticators.csproj", "{FF3C10AF-0BFD-A64B-96EC-391978E4B990}"
EndProject
Project("{FAE04EC0-301F-11D3-BF4B-00C04F79EFBC}") = "Assembly-CSharp", "Assembly-CSharp.csproj", "{0C525B8C-FE07-D42A-FB55-5A32376AAC02}"
EndProject
Project("{FAE04EC0-301F-11D3-BF4B-00C04F79EFBC}") = "UnityEditor.TestRunner", "UnityEditor.TestRunner.csproj", "{E5698B4B-1D1E-A742-A007-B2EC7BA9A260}"
EndProject
Project("{FAE04EC0-301F-11D3-BF4B-00C04F79EFBC}") = "Unity.TextMeshPro.Editor", "Unity.TextMeshPro.Editor.csproj", "{B9789B02-B5C8-D104-6848-5CCC9E415849}"
EndProject
Project("{FAE04EC0-301F-11D3-BF4B-00C04F79EFBC}") = "Unity.Timeline.Editor", "Unity.Timeline.Editor.csproj", "{57C40274-4650-1E03-F2B8-93501782D9A3}"
EndProject
Project("{FAE04EC0-301F-11D3-BF4B-00C04F79EFBC}") = "UnityEditor.UI", "UnityEditor.UI.csproj", "{40F7F65D-8EB6-E361-6447-6486A09BBD2C}"
EndProject
Project("{FAE04EC0-301F-11D3-BF4B-00C04F79EFBC}") = "Mirror.Weaver", "Mirror.Weaver.csproj", "{FA4F85C2-B315-2B5D-8177-F0BAC0C483CA}"
EndProject
Project("{FAE04EC0-301F-11D3-BF4B-00C04F79EFBC}") = "Unity.Rider.Editor", "Unity.Rider.Editor.csproj", "{66ECD744-E076-A83B-84EB-04F27DE1AB7E}"
EndProject
Project("{FAE04EC0-301F-11D3-BF4B-00C04F79EFBC}") = "Mirror.Editor", "Mirror.Editor.csproj", "{CD5C5230-1B83-B469-7522-C47FC62579FD}"
EndProject
Project("{FAE04EC0-301F-11D3-BF4B-00C04F79EFBC}") = "Unity.CollabProxy.Editor", "Unity.CollabProxy.Editor.csproj", "{0E4B74E9-39B9-2174-667B-2ABEE590794A}"
EndProject
Project("{FAE04EC0-301F-11D3-BF4B-00C04F79EFBC}") = "ParrelSync", "ParrelSync.csproj", "{80CC49B9-BBB3-BF03-AF6A-9AF332464124}"
EndProject
Project("{FAE04EC0-301F-11D3-BF4B-00C04F79EFBC}") = "Unity.VSCode.Editor", "Unity.VSCode.Editor.csproj", "{3926E05E-C344-1934-57EE-AD8012DAF111}"
EndProject
Project("{FAE04EC0-301F-11D3-BF4B-00C04F79EFBC}") = "Mirror.CompilerSymbols", "Mirror.CompilerSymbols.csproj", "{864A357A-CA4E-3D1A-7F59-1A9950E6151B}"
EndProject
Project("{FAE04EC0-301F-11D3-BF4B-00C04F79EFBC}") = "SimpleWebTransport.Player", "SimpleWebTransport.Player.csproj", "{D02956D5-9AE0-F6AB-08C7-512B6D3B06C4}"
EndProject
Project("{FAE04EC0-301F-11D3-BF4B-00C04F79EFBC}") = "Mirror.Player", "Mirror.Player.csproj", "{D49B0D44-5AB4-7C5F-9C02-F6A9DB3D9105}"
EndProject
Project("{FAE04EC0-301F-11D3-BF4B-00C04F79EFBC}") = "Telepathy.Player", "Telepathy.Player.csproj", "{C16B5DBF-DCC7-AD9A-E522-E41BF670B267}"
EndProject
Project("{FAE04EC0-301F-11D3-BF4B-00C04F79EFBC}") = "Mirror.Cloud.Player", "Mirror.Cloud.Player.csproj", "{DF71981F-5385-7165-65E7-3FCC8220CF2E}"
EndProject
Project("{FAE04EC0-301F-11D3-BF4B-00C04F79EFBC}") = "Mirror.Components.Player", "Mirror.Components.Player.csproj", "{9A3DE2FA-A420-2077-BCDB-C52E3C5E5EC1}"
EndProject
Project("{FAE04EC0-301F-11D3-BF4B-00C04F79EFBC}") = "Mirror.Examples.Player", "Mirror.Examples.Player.csproj", "{78545DF5-A355-F07F-3914-D7D55A3B79A8}"
EndProject
Project("{FAE04EC0-301F-11D3-BF4B-00C04F79EFBC}") = "Mirror.Examples.Cloud.GUI.Player", "Mirror.Examples.Cloud.GUI.Player.csproj", "{E1B8CFCE-EA8A-C9BA-AF24-02507749D983}"
EndProject
Project("{FAE04EC0-301F-11D3-BF4B-00C04F79EFBC}") = "kcp2k.Player", "kcp2k.Player.csproj", "{12011AB3-5BD8-202C-D902-FA8791E1C973}"
EndProject
Project("{FAE04EC0-301F-11D3-BF4B-00C04F79EFBC}") = "Mirror.Examples.Cloud.Pong.Player", "Mirror.Examples.Cloud.Pong.Player.csproj", "{32137C29-5DEF-0F94-6670-C111951B80F2}"
EndProject
Project("{FAE04EC0-301F-11D3-BF4B-00C04F79EFBC}") = "Mirror.Authenticators.Player", "Mirror.Authenticators.Player.csproj", "{693002C0-90D5-CA66-833B-0229A287E270}"
EndProject
Project("{FAE04EC0-301F-11D3-BF4B-00C04F79EFBC}") = "Assembly-CSharp.Player", "Assembly-CSharp.Player.csproj", "{6066E543-6188-A440-E372-875A7F02E00F}"
EndProject
Global
	GlobalSection(SolutionConfigurationPlatforms) = preSolution
		Debug|Any CPU = Debug|Any CPU
		Release|Any CPU = Release|Any CPU
	EndGlobalSection
	GlobalSection(ProjectConfigurationPlatforms) = postSolution
		{D42E293B-53BB-C3FE-53EB-3227DB1E2B21}.Debug|Any CPU.ActiveCfg = Debug|Any CPU
		{D42E293B-53BB-C3FE-53EB-3227DB1E2B21}.Debug|Any CPU.Build.0 = Debug|Any CPU
		{D42E293B-53BB-C3FE-53EB-3227DB1E2B21}.Release|Any CPU.ActiveCfg = Release|Any CPU
		{D42E293B-53BB-C3FE-53EB-3227DB1E2B21}.Release|Any CPU.Build.0 = Release|Any CPU
		{2B6ADEB8-CC6D-7DF9-CEB6-CB4C19BF8980}.Debug|Any CPU.ActiveCfg = Debug|Any CPU
		{2B6ADEB8-CC6D-7DF9-CEB6-CB4C19BF8980}.Debug|Any CPU.Build.0 = Debug|Any CPU
		{2B6ADEB8-CC6D-7DF9-CEB6-CB4C19BF8980}.Release|Any CPU.ActiveCfg = Release|Any CPU
		{2B6ADEB8-CC6D-7DF9-CEB6-CB4C19BF8980}.Release|Any CPU.Build.0 = Release|Any CPU
		{94AA54A9-1364-A4F7-2359-CBF6438E825A}.Debug|Any CPU.ActiveCfg = Debug|Any CPU
		{94AA54A9-1364-A4F7-2359-CBF6438E825A}.Debug|Any CPU.Build.0 = Debug|Any CPU
		{94AA54A9-1364-A4F7-2359-CBF6438E825A}.Release|Any CPU.ActiveCfg = Release|Any CPU
		{94AA54A9-1364-A4F7-2359-CBF6438E825A}.Release|Any CPU.Build.0 = Release|Any CPU
		{2C8DC6AF-8704-EA37-899C-92D5FE0C39DF}.Debug|Any CPU.ActiveCfg = Debug|Any CPU
		{2C8DC6AF-8704-EA37-899C-92D5FE0C39DF}.Debug|Any CPU.Build.0 = Debug|Any CPU
		{2C8DC6AF-8704-EA37-899C-92D5FE0C39DF}.Release|Any CPU.ActiveCfg = Release|Any CPU
		{2C8DC6AF-8704-EA37-899C-92D5FE0C39DF}.Release|Any CPU.Build.0 = Release|Any CPU
		{AFCCDB68-AEA1-3365-6FCA-75606587CC8C}.Debug|Any CPU.ActiveCfg = Debug|Any CPU
		{AFCCDB68-AEA1-3365-6FCA-75606587CC8C}.Debug|Any CPU.Build.0 = Debug|Any CPU
		{AFCCDB68-AEA1-3365-6FCA-75606587CC8C}.Release|Any CPU.ActiveCfg = Release|Any CPU
		{AFCCDB68-AEA1-3365-6FCA-75606587CC8C}.Release|Any CPU.Build.0 = Release|Any CPU
		{19D16B90-D198-1C39-616B-790AA8D44D05}.Debug|Any CPU.ActiveCfg = Debug|Any CPU
		{19D16B90-D198-1C39-616B-790AA8D44D05}.Debug|Any CPU.Build.0 = Debug|Any CPU
		{19D16B90-D198-1C39-616B-790AA8D44D05}.Release|Any CPU.ActiveCfg = Release|Any CPU
		{19D16B90-D198-1C39-616B-790AA8D44D05}.Release|Any CPU.Build.0 = Release|Any CPU
		{A8D19690-EAD4-3F51-4DAA-5781EA11AC93}.Debug|Any CPU.ActiveCfg = Debug|Any CPU
		{A8D19690-EAD4-3F51-4DAA-5781EA11AC93}.Debug|Any CPU.Build.0 = Debug|Any CPU
		{A8D19690-EAD4-3F51-4DAA-5781EA11AC93}.Release|Any CPU.ActiveCfg = Release|Any CPU
		{A8D19690-EAD4-3F51-4DAA-5781EA11AC93}.Release|Any CPU.Build.0 = Release|Any CPU
		{756565F9-CA5E-A465-8A61-05A19E9016A7}.Debug|Any CPU.ActiveCfg = Debug|Any CPU
		{756565F9-CA5E-A465-8A61-05A19E9016A7}.Debug|Any CPU.Build.0 = Debug|Any CPU
		{756565F9-CA5E-A465-8A61-05A19E9016A7}.Release|Any CPU.ActiveCfg = Release|Any CPU
		{756565F9-CA5E-A465-8A61-05A19E9016A7}.Release|Any CPU.Build.0 = Release|Any CPU
		{14C900C0-9372-9F02-E2BB-58515771676C}.Debug|Any CPU.ActiveCfg = Debug|Any CPU
		{14C900C0-9372-9F02-E2BB-58515771676C}.Debug|Any CPU.Build.0 = Debug|Any CPU
		{14C900C0-9372-9F02-E2BB-58515771676C}.Release|Any CPU.ActiveCfg = Release|Any CPU
		{14C900C0-9372-9F02-E2BB-58515771676C}.Release|Any CPU.Build.0 = Release|Any CPU
		{949B9B0F-DCFA-ACB7-62BE-17DD37032E31}.Debug|Any CPU.ActiveCfg = Debug|Any CPU
		{949B9B0F-DCFA-ACB7-62BE-17DD37032E31}.Debug|Any CPU.Build.0 = Debug|Any CPU
		{949B9B0F-DCFA-ACB7-62BE-17DD37032E31}.Release|Any CPU.ActiveCfg = Release|Any CPU
		{949B9B0F-DCFA-ACB7-62BE-17DD37032E31}.Release|Any CPU.Build.0 = Release|Any CPU
		{430ED599-A436-E95B-E153-240624DBC106}.Debug|Any CPU.ActiveCfg = Debug|Any CPU
		{430ED599-A436-E95B-E153-240624DBC106}.Debug|Any CPU.Build.0 = Debug|Any CPU
		{430ED599-A436-E95B-E153-240624DBC106}.Release|Any CPU.ActiveCfg = Release|Any CPU
		{430ED599-A436-E95B-E153-240624DBC106}.Release|Any CPU.Build.0 = Release|Any CPU
		{0FF5ECB1-D72C-EBDD-D220-7494459ED13E}.Debug|Any CPU.ActiveCfg = Debug|Any CPU
		{0FF5ECB1-D72C-EBDD-D220-7494459ED13E}.Debug|Any CPU.Build.0 = Debug|Any CPU
		{0FF5ECB1-D72C-EBDD-D220-7494459ED13E}.Release|Any CPU.ActiveCfg = Release|Any CPU
		{0FF5ECB1-D72C-EBDD-D220-7494459ED13E}.Release|Any CPU.Build.0 = Release|Any CPU
		{3F5C505D-6CA4-C7A6-3800-9D90902EADD1}.Debug|Any CPU.ActiveCfg = Debug|Any CPU
		{3F5C505D-6CA4-C7A6-3800-9D90902EADD1}.Debug|Any CPU.Build.0 = Debug|Any CPU
		{3F5C505D-6CA4-C7A6-3800-9D90902EADD1}.Release|Any CPU.ActiveCfg = Release|Any CPU
		{3F5C505D-6CA4-C7A6-3800-9D90902EADD1}.Release|Any CPU.Build.0 = Release|Any CPU
		{FF3C10AF-0BFD-A64B-96EC-391978E4B990}.Debug|Any CPU.ActiveCfg = Debug|Any CPU
		{FF3C10AF-0BFD-A64B-96EC-391978E4B990}.Debug|Any CPU.Build.0 = Debug|Any CPU
		{FF3C10AF-0BFD-A64B-96EC-391978E4B990}.Release|Any CPU.ActiveCfg = Release|Any CPU
		{FF3C10AF-0BFD-A64B-96EC-391978E4B990}.Release|Any CPU.Build.0 = Release|Any CPU
		{0C525B8C-FE07-D42A-FB55-5A32376AAC02}.Debug|Any CPU.ActiveCfg = Debug|Any CPU
		{0C525B8C-FE07-D42A-FB55-5A32376AAC02}.Debug|Any CPU.Build.0 = Debug|Any CPU
		{0C525B8C-FE07-D42A-FB55-5A32376AAC02}.Release|Any CPU.ActiveCfg = Release|Any CPU
		{0C525B8C-FE07-D42A-FB55-5A32376AAC02}.Release|Any CPU.Build.0 = Release|Any CPU
		{E5698B4B-1D1E-A742-A007-B2EC7BA9A260}.Debug|Any CPU.ActiveCfg = Debug|Any CPU
		{E5698B4B-1D1E-A742-A007-B2EC7BA9A260}.Debug|Any CPU.Build.0 = Debug|Any CPU
		{E5698B4B-1D1E-A742-A007-B2EC7BA9A260}.Release|Any CPU.ActiveCfg = Release|Any CPU
		{E5698B4B-1D1E-A742-A007-B2EC7BA9A260}.Release|Any CPU.Build.0 = Release|Any CPU
		{B9789B02-B5C8-D104-6848-5CCC9E415849}.Debug|Any CPU.ActiveCfg = Debug|Any CPU
		{B9789B02-B5C8-D104-6848-5CCC9E415849}.Debug|Any CPU.Build.0 = Debug|Any CPU
		{B9789B02-B5C8-D104-6848-5CCC9E415849}.Release|Any CPU.ActiveCfg = Release|Any CPU
		{B9789B02-B5C8-D104-6848-5CCC9E415849}.Release|Any CPU.Build.0 = Release|Any CPU
		{57C40274-4650-1E03-F2B8-93501782D9A3}.Debug|Any CPU.ActiveCfg = Debug|Any CPU
		{57C40274-4650-1E03-F2B8-93501782D9A3}.Debug|Any CPU.Build.0 = Debug|Any CPU
		{57C40274-4650-1E03-F2B8-93501782D9A3}.Release|Any CPU.ActiveCfg = Release|Any CPU
		{57C40274-4650-1E03-F2B8-93501782D9A3}.Release|Any CPU.Build.0 = Release|Any CPU
		{40F7F65D-8EB6-E361-6447-6486A09BBD2C}.Debug|Any CPU.ActiveCfg = Debug|Any CPU
		{40F7F65D-8EB6-E361-6447-6486A09BBD2C}.Debug|Any CPU.Build.0 = Debug|Any CPU
		{40F7F65D-8EB6-E361-6447-6486A09BBD2C}.Release|Any CPU.ActiveCfg = Release|Any CPU
		{40F7F65D-8EB6-E361-6447-6486A09BBD2C}.Release|Any CPU.Build.0 = Release|Any CPU
		{FA4F85C2-B315-2B5D-8177-F0BAC0C483CA}.Debug|Any CPU.ActiveCfg = Debug|Any CPU
		{FA4F85C2-B315-2B5D-8177-F0BAC0C483CA}.Debug|Any CPU.Build.0 = Debug|Any CPU
		{FA4F85C2-B315-2B5D-8177-F0BAC0C483CA}.Release|Any CPU.ActiveCfg = Release|Any CPU
		{FA4F85C2-B315-2B5D-8177-F0BAC0C483CA}.Release|Any CPU.Build.0 = Release|Any CPU
		{66ECD744-E076-A83B-84EB-04F27DE1AB7E}.Debug|Any CPU.ActiveCfg = Debug|Any CPU
		{66ECD744-E076-A83B-84EB-04F27DE1AB7E}.Debug|Any CPU.Build.0 = Debug|Any CPU
		{66ECD744-E076-A83B-84EB-04F27DE1AB7E}.Release|Any CPU.ActiveCfg = Release|Any CPU
		{66ECD744-E076-A83B-84EB-04F27DE1AB7E}.Release|Any CPU.Build.0 = Release|Any CPU
		{CD5C5230-1B83-B469-7522-C47FC62579FD}.Debug|Any CPU.ActiveCfg = Debug|Any CPU
		{CD5C5230-1B83-B469-7522-C47FC62579FD}.Debug|Any CPU.Build.0 = Debug|Any CPU
		{CD5C5230-1B83-B469-7522-C47FC62579FD}.Release|Any CPU.ActiveCfg = Release|Any CPU
		{CD5C5230-1B83-B469-7522-C47FC62579FD}.Release|Any CPU.Build.0 = Release|Any CPU
		{0E4B74E9-39B9-2174-667B-2ABEE590794A}.Debug|Any CPU.ActiveCfg = Debug|Any CPU
		{0E4B74E9-39B9-2174-667B-2ABEE590794A}.Debug|Any CPU.Build.0 = Debug|Any CPU
		{0E4B74E9-39B9-2174-667B-2ABEE590794A}.Release|Any CPU.ActiveCfg = Release|Any CPU
		{0E4B74E9-39B9-2174-667B-2ABEE590794A}.Release|Any CPU.Build.0 = Release|Any CPU
		{80CC49B9-BBB3-BF03-AF6A-9AF332464124}.Debug|Any CPU.ActiveCfg = Debug|Any CPU
		{80CC49B9-BBB3-BF03-AF6A-9AF332464124}.Debug|Any CPU.Build.0 = Debug|Any CPU
		{80CC49B9-BBB3-BF03-AF6A-9AF332464124}.Release|Any CPU.ActiveCfg = Release|Any CPU
		{80CC49B9-BBB3-BF03-AF6A-9AF332464124}.Release|Any CPU.Build.0 = Release|Any CPU
		{3926E05E-C344-1934-57EE-AD8012DAF111}.Debug|Any CPU.ActiveCfg = Debug|Any CPU
		{3926E05E-C344-1934-57EE-AD8012DAF111}.Debug|Any CPU.Build.0 = Debug|Any CPU
		{3926E05E-C344-1934-57EE-AD8012DAF111}.Release|Any CPU.ActiveCfg = Release|Any CPU
		{3926E05E-C344-1934-57EE-AD8012DAF111}.Release|Any CPU.Build.0 = Release|Any CPU
		{864A357A-CA4E-3D1A-7F59-1A9950E6151B}.Debug|Any CPU.ActiveCfg = Debug|Any CPU
		{864A357A-CA4E-3D1A-7F59-1A9950E6151B}.Debug|Any CPU.Build.0 = Debug|Any CPU
		{864A357A-CA4E-3D1A-7F59-1A9950E6151B}.Release|Any CPU.ActiveCfg = Release|Any CPU
		{864A357A-CA4E-3D1A-7F59-1A9950E6151B}.Release|Any CPU.Build.0 = Release|Any CPU
		{D02956D5-9AE0-F6AB-08C7-512B6D3B06C4}.Debug|Any CPU.ActiveCfg = Debug|Any CPU
		{D02956D5-9AE0-F6AB-08C7-512B6D3B06C4}.Debug|Any CPU.Build.0 = Debug|Any CPU
		{D02956D5-9AE0-F6AB-08C7-512B6D3B06C4}.Release|Any CPU.ActiveCfg = Release|Any CPU
		{D02956D5-9AE0-F6AB-08C7-512B6D3B06C4}.Release|Any CPU.Build.0 = Release|Any CPU
		{D49B0D44-5AB4-7C5F-9C02-F6A9DB3D9105}.Debug|Any CPU.ActiveCfg = Debug|Any CPU
		{D49B0D44-5AB4-7C5F-9C02-F6A9DB3D9105}.Debug|Any CPU.Build.0 = Debug|Any CPU
		{D49B0D44-5AB4-7C5F-9C02-F6A9DB3D9105}.Release|Any CPU.ActiveCfg = Release|Any CPU
		{D49B0D44-5AB4-7C5F-9C02-F6A9DB3D9105}.Release|Any CPU.Build.0 = Release|Any CPU
		{C16B5DBF-DCC7-AD9A-E522-E41BF670B267}.Debug|Any CPU.ActiveCfg = Debug|Any CPU
		{C16B5DBF-DCC7-AD9A-E522-E41BF670B267}.Debug|Any CPU.Build.0 = Debug|Any CPU
		{C16B5DBF-DCC7-AD9A-E522-E41BF670B267}.Release|Any CPU.ActiveCfg = Release|Any CPU
		{C16B5DBF-DCC7-AD9A-E522-E41BF670B267}.Release|Any CPU.Build.0 = Release|Any CPU
		{DF71981F-5385-7165-65E7-3FCC8220CF2E}.Debug|Any CPU.ActiveCfg = Debug|Any CPU
		{DF71981F-5385-7165-65E7-3FCC8220CF2E}.Debug|Any CPU.Build.0 = Debug|Any CPU
		{DF71981F-5385-7165-65E7-3FCC8220CF2E}.Release|Any CPU.ActiveCfg = Release|Any CPU
		{DF71981F-5385-7165-65E7-3FCC8220CF2E}.Release|Any CPU.Build.0 = Release|Any CPU
		{9A3DE2FA-A420-2077-BCDB-C52E3C5E5EC1}.Debug|Any CPU.ActiveCfg = Debug|Any CPU
		{9A3DE2FA-A420-2077-BCDB-C52E3C5E5EC1}.Debug|Any CPU.Build.0 = Debug|Any CPU
		{9A3DE2FA-A420-2077-BCDB-C52E3C5E5EC1}.Release|Any CPU.ActiveCfg = Release|Any CPU
		{9A3DE2FA-A420-2077-BCDB-C52E3C5E5EC1}.Release|Any CPU.Build.0 = Release|Any CPU
		{78545DF5-A355-F07F-3914-D7D55A3B79A8}.Debug|Any CPU.ActiveCfg = Debug|Any CPU
		{78545DF5-A355-F07F-3914-D7D55A3B79A8}.Debug|Any CPU.Build.0 = Debug|Any CPU
		{78545DF5-A355-F07F-3914-D7D55A3B79A8}.Release|Any CPU.ActiveCfg = Release|Any CPU
		{78545DF5-A355-F07F-3914-D7D55A3B79A8}.Release|Any CPU.Build.0 = Release|Any CPU
		{E1B8CFCE-EA8A-C9BA-AF24-02507749D983}.Debug|Any CPU.ActiveCfg = Debug|Any CPU
		{E1B8CFCE-EA8A-C9BA-AF24-02507749D983}.Debug|Any CPU.Build.0 = Debug|Any CPU
		{E1B8CFCE-EA8A-C9BA-AF24-02507749D983}.Release|Any CPU.ActiveCfg = Release|Any CPU
		{E1B8CFCE-EA8A-C9BA-AF24-02507749D983}.Release|Any CPU.Build.0 = Release|Any CPU
		{12011AB3-5BD8-202C-D902-FA8791E1C973}.Debug|Any CPU.ActiveCfg = Debug|Any CPU
		{12011AB3-5BD8-202C-D902-FA8791E1C973}.Debug|Any CPU.Build.0 = Debug|Any CPU
		{12011AB3-5BD8-202C-D902-FA8791E1C973}.Release|Any CPU.ActiveCfg = Release|Any CPU
		{12011AB3-5BD8-202C-D902-FA8791E1C973}.Release|Any CPU.Build.0 = Release|Any CPU
		{32137C29-5DEF-0F94-6670-C111951B80F2}.Debug|Any CPU.ActiveCfg = Debug|Any CPU
		{32137C29-5DEF-0F94-6670-C111951B80F2}.Debug|Any CPU.Build.0 = Debug|Any CPU
		{32137C29-5DEF-0F94-6670-C111951B80F2}.Release|Any CPU.ActiveCfg = Release|Any CPU
		{32137C29-5DEF-0F94-6670-C111951B80F2}.Release|Any CPU.Build.0 = Release|Any CPU
		{693002C0-90D5-CA66-833B-0229A287E270}.Debug|Any CPU.ActiveCfg = Debug|Any CPU
		{693002C0-90D5-CA66-833B-0229A287E270}.Debug|Any CPU.Build.0 = Debug|Any CPU
		{693002C0-90D5-CA66-833B-0229A287E270}.Release|Any CPU.ActiveCfg = Release|Any CPU
		{693002C0-90D5-CA66-833B-0229A287E270}.Release|Any CPU.Build.0 = Release|Any CPU
		{6066E543-6188-A440-E372-875A7F02E00F}.Debug|Any CPU.ActiveCfg = Debug|Any CPU
		{6066E543-6188-A440-E372-875A7F02E00F}.Debug|Any CPU.Build.0 = Debug|Any CPU
		{6066E543-6188-A440-E372-875A7F02E00F}.Release|Any CPU.ActiveCfg = Release|Any CPU
		{6066E543-6188-A440-E372-875A7F02E00F}.Release|Any CPU.Build.0 = Release|Any CPU
	EndGlobalSection
	GlobalSection(SolutionProperties) = preSolution
		HideSolutionNode = FALSE
	EndGlobalSection
EndGlobal
