
Microsoft Visual Studio Solution File, Format Version 12.00
# Visual Studio 15
Project("{FAE04EC0-301F-11D3-BF4B-00C04F79EFBC}") = "Mirror", "Mirror.csproj", "{1F727C4C-373F-014C-AE76-3EBAC7231A8C}"
EndProject
Project("{FAE04EC0-301F-11D3-BF4B-00C04F79EFBC}") = "UnityEngine.TestRunner", "UnityEngine.TestRunner.csproj", "{BDBE31F7-F92A-03EF-8C83-326176A843E5}"
EndProject
Project("{FAE04EC0-301F-11D3-BF4B-00C04F79EFBC}") = "Assembly-CSharp", "Assembly-CSharp.csproj", "{D973CBAE-AF5C-67C8-9EC3-328FB0F61F9B}"
EndProject
Project("{FAE04EC0-301F-11D3-BF4B-00C04F79EFBC}") = "SimpleWebTransport", "SimpleWebTransport.csproj", "{567C1BA4-EB68-5DD1-C5B2-DA44C29FBB71}"
EndProject
Project("{FAE04EC0-301F-11D3-BF4B-00C04F79EFBC}") = "Unity.Timeline", "Unity.Timeline.csproj", "{5FB41B5A-010B-1F3D-2721-BBD4730E1309}"
EndProject
Project("{FAE04EC0-301F-11D3-BF4B-00C04F79EFBC}") = "Mirror.Examples", "Mirror.Examples.csproj", "{72D51589-FD24-3C6F-ACA2-F3F5405C89C0}"
EndProject
Project("{FAE04EC0-301F-11D3-BF4B-00C04F79EFBC}") = "UnityEngine.UI", "UnityEngine.UI.csproj", "{CEA3E38F-453C-B877-6442-47867BC69156}"
EndProject
Project("{FAE04EC0-301F-11D3-BF4B-00C04F79EFBC}") = "Unity.ProBuilder", "Unity.ProBuilder.csproj", "{1E0D1B20-7031-7D89-E2A2-609DFB9F6387}"
EndProject
Project("{FAE04EC0-301F-11D3-BF4B-00C04F79EFBC}") = "Mirror.Components", "Mirror.Components.csproj", "{670660D8-CE79-2A68-8E32-C68576462661}"
EndProject
Project("{FAE04EC0-301F-11D3-BF4B-00C04F79EFBC}") = "Unity.TextMeshPro", "Unity.TextMeshPro.csproj", "{D42C3431-D2FF-FB86-5E93-65197E52F21A}"
EndProject
Project("{FAE04EC0-301F-11D3-BF4B-00C04F79EFBC}") = "Unity.ProBuilder.Poly2Tri", "Unity.ProBuilder.Poly2Tri.csproj", "{522FA44F-8D0F-C735-16A6-0E4EC2674004}"
EndProject
Project("{FAE04EC0-301F-11D3-BF4B-00C04F79EFBC}") = "Telepathy", "Telepathy.csproj", "{9F795331-C958-DD99-3ADE-262103BE9342}"
EndProject
Project("{FAE04EC0-301F-11D3-BF4B-00C04F79EFBC}") = "Mirror.Authenticators", "Mirror.Authenticators.csproj", "{1A84A970-AB9F-7803-0280-BF2E4BDA0C38}"
EndProject
Project("{FAE04EC0-301F-11D3-BF4B-00C04F79EFBC}") = "Unity.ProBuilder.Csg", "Unity.ProBuilder.Csg.csproj", "{0249A879-1322-21D9-C8A7-0A42654552FE}"
EndProject
Project("{FAE04EC0-301F-11D3-BF4B-00C04F79EFBC}") = "kcp2k", "kcp2k.csproj", "{DECBFEA5-C2B6-B688-AFE1-AAB091DB359E}"
EndProject
Project("{FAE04EC0-301F-11D3-BF4B-00C04F79EFBC}") = "Mirror.Examples.Cloud.GUI", "Mirror.Examples.Cloud.GUI.csproj", "{9BC2D0DC-5EA3-F401-D1E4-1FE0867F8A4A}"
EndProject
Project("{FAE04EC0-301F-11D3-BF4B-00C04F79EFBC}") = "Mirror.Cloud", "Mirror.Cloud.csproj", "{E9163A40-BE88-8520-4D95-5BCD4092B3DD}"
EndProject
Project("{FAE04EC0-301F-11D3-BF4B-00C04F79EFBC}") = "Unity.ProBuilder.KdTree", "Unity.ProBuilder.KdTree.csproj", "{4A2A5825-3364-D8B1-EA65-8AC65409BAE7}"
EndProject
Project("{FAE04EC0-301F-11D3-BF4B-00C04F79EFBC}") = "Unity.TerrainTools", "Unity.TerrainTools.csproj", "{3222F2A5-466A-532F-563B-9941D72E89DA}"
EndProject
Project("{FAE04EC0-301F-11D3-BF4B-00C04F79EFBC}") = "Unity.ProBuilder.Stl", "Unity.ProBuilder.Stl.csproj", "{479C5691-683C-1732-EEB7-DDA740C18929}"
EndProject
Project("{FAE04EC0-301F-11D3-BF4B-00C04F79EFBC}") = "Mirror.Examples.Cloud.Pong", "Mirror.Examples.Cloud.Pong.csproj", "{6B771FF7-461D-2A78-5B79-7DC46D9FB2A7}"
EndProject
Project("{FAE04EC0-301F-11D3-BF4B-00C04F79EFBC}") = "UnityEditor.TestRunner", "UnityEditor.TestRunner.csproj", "{AAC61846-C48E-39A1-D09E-C0F1394146D0}"
EndProject
Project("{FAE04EC0-301F-11D3-BF4B-00C04F79EFBC}") = "Unity.ProBuilder.Editor", "Unity.ProBuilder.Editor.csproj", "{B6580C5B-B964-F96A-7894-C13710F9CBD5}"
EndProject
Project("{FAE04EC0-301F-11D3-BF4B-00C04F79EFBC}") = "Unity.PlasticSCM.Editor", "Unity.PlasticSCM.Editor.csproj", "{FA214D2D-4DE2-4CBF-776F-5B82E46C03A6}"
EndProject
Project("{FAE04EC0-301F-11D3-BF4B-00C04F79EFBC}") = "Unity.TerrainTools.Editor", "Unity.TerrainTools.Editor.csproj", "{E3D9DCE5-D06E-918D-44C1-D12C4CD1E8C8}"
EndProject
Project("{FAE04EC0-301F-11D3-BF4B-00C04F79EFBC}") = "UnityEditor.UI", "UnityEditor.UI.csproj", "{6416A919-A435-8169-5F0F-48098ED9ADD9}"
EndProject
Project("{FAE04EC0-301F-11D3-BF4B-00C04F79EFBC}") = "Unity.Timeline.Editor", "Unity.Timeline.Editor.csproj", "{7434A75E-3EAC-1BFE-C508-CC72C4CB79ED}"
EndProject
Project("{FAE04EC0-301F-11D3-BF4B-00C04F79EFBC}") = "Unity.VisualStudio.Editor", "Unity.VisualStudio.Editor.csproj", "{6F48E1DB-084B-C18A-770C-B785EFE90553}"
EndProject
Project("{FAE04EC0-301F-11D3-BF4B-00C04F79EFBC}") = "Unity.TextMeshPro.Editor", "Unity.TextMeshPro.Editor.csproj", "{0D438371-C9C9-5B46-3C26-F98DCEBE4397}"
EndProject
Project("{FAE04EC0-301F-11D3-BF4B-00C04F79EFBC}") = "Unity.CollabProxy.Editor", "Unity.CollabProxy.Editor.csproj", "{DE9138AB-8B33-5D82-E3EA-4F7DBD93D900}"
EndProject
Project("{FAE04EC0-301F-11D3-BF4B-00C04F79EFBC}") = "Mirror.Weaver", "Mirror.Weaver.csproj", "{BE7B4399-0094-60E1-8142-EF7FA049DCB0}"
EndProject
Project("{FAE04EC0-301F-11D3-BF4B-00C04F79EFBC}") = "ParrelSync", "ParrelSync.csproj", "{58A07AE4-DB78-8DD4-6BA7-C580FCD672EA}"
EndProject
Project("{FAE04EC0-301F-11D3-BF4B-00C04F79EFBC}") = "Unity.Rider.Editor", "Unity.Rider.Editor.csproj", "{381E6AB4-2A32-45EA-AAA2-E31F14F78389}"
EndProject
Project("{FAE04EC0-301F-11D3-BF4B-00C04F79EFBC}") = "Mirror.Editor", "Mirror.Editor.csproj", "{6C8CAC7D-136F-CBE2-BEEC-6AA6F54CE3DB}"
EndProject
Project("{FAE04EC0-301F-11D3-BF4B-00C04F79EFBC}") = "Unity.VSCode.Editor", "Unity.VSCode.Editor.csproj", "{73BEB378-CC36-B095-87E1-03A8209B4239}"
EndProject
Project("{FAE04EC0-301F-11D3-BF4B-00C04F79EFBC}") = "Unity.ProBuilder.AssetIdRemapUtility", "Unity.ProBuilder.AssetIdRemapUtility.csproj", "{4F3D477D-019B-3C26-ADDA-654CD74A143E}"
EndProject
Project("{FAE04EC0-301F-11D3-BF4B-00C04F79EFBC}") = "Unity.Settings.Editor", "Unity.Settings.Editor.csproj", "{B0061C9C-475A-ACAF-B149-38B328122A62}"
EndProject
Project("{FAE04EC0-301F-11D3-BF4B-00C04F79EFBC}") = "Mirror.CompilerSymbols", "Mirror.CompilerSymbols.csproj", "{4F3BE4DD-4CBD-B8E5-3497-F71D1EBA5795}"
EndProject
Project("{FAE04EC0-301F-11D3-BF4B-00C04F79EFBC}") = "Unity.ProBuilder.AddOns.Editor", "Unity.ProBuilder.AddOns.Editor.csproj", "{B7C3713A-5FC7-630E-B8F1-EA08BEC19BFC}"
EndProject
Project("{FAE04EC0-301F-11D3-BF4B-00C04F79EFBC}") = "Mirror", "Mirror.Player.csproj", "{31AB31BD-59B7-633E-6701-28AF85417EBE}"
EndProject
Project("{FAE04EC0-301F-11D3-BF4B-00C04F79EFBC}") = "UnityEngine.TestRunner", "UnityEngine.TestRunner.Player.csproj", "{A593AEE7-4ABD-24EF-3463-72624C03405C}"
EndProject
Project("{FAE04EC0-301F-11D3-BF4B-00C04F79EFBC}") = "Assembly-CSharp", "Assembly-CSharp.Player.csproj", "{9E68D322-07E5-F116-53ED-A753E7542B73}"
EndProject
Project("{FAE04EC0-301F-11D3-BF4B-00C04F79EFBC}") = "SimpleWebTransport", "SimpleWebTransport.Player.csproj", "{B083D613-6B42-0B53-CB2F-B897E785960F}"
EndProject
Project("{FAE04EC0-301F-11D3-BF4B-00C04F79EFBC}") = "Unity.Timeline", "Unity.Timeline.Player.csproj", "{02161A83-E2E3-838E-E40F-0AFA41CEA2E1}"
EndProject
Project("{FAE04EC0-301F-11D3-BF4B-00C04F79EFBC}") = "Mirror.Examples", "Mirror.Examples.Player.csproj", "{A6C0D091-F7AA-6361-B263-17D2F31FD340}"
EndProject
Project("{FAE04EC0-301F-11D3-BF4B-00C04F79EFBC}") = "UnityEngine.UI", "UnityEngine.UI.Player.csproj", "{6B5B7EE2-3042-B433-1B2F-7456D4EC39A7}"
EndProject
Project("{FAE04EC0-301F-11D3-BF4B-00C04F79EFBC}") = "Unity.ProBuilder", "Unity.ProBuilder.Player.csproj", "{9756D6D3-5D69-729C-EAC7-642F3CE0D013}"
EndProject
Project("{FAE04EC0-301F-11D3-BF4B-00C04F79EFBC}") = "Mirror.Components", "Mirror.Components.Player.csproj", "{14D441BB-5CED-F548-41AC-A478AB06AA9F}"
EndProject
Project("{FAE04EC0-301F-11D3-BF4B-00C04F79EFBC}") = "Unity.TextMeshPro", "Unity.TextMeshPro.Player.csproj", "{5192C201-F545-E03A-0850-7A5E079ABAE9}"
EndProject
Project("{FAE04EC0-301F-11D3-BF4B-00C04F79EFBC}") = "Unity.ProBuilder.Poly2Tri", "Unity.ProBuilder.Poly2Tri.Player.csproj", "{AD7A9A81-95F5-C398-06F1-D77D8DFFE4CF}"
EndProject
Project("{FAE04EC0-301F-11D3-BF4B-00C04F79EFBC}") = "Telepathy", "Telepathy.Player.csproj", "{F164DB94-E58C-E1CF-059A-C511C2259B1D}"
EndProject
Project("{FAE04EC0-301F-11D3-BF4B-00C04F79EFBC}") = "Mirror.Authenticators", "Mirror.Authenticators.Player.csproj", "{6370BDD0-E6C3-E8F8-A615-F63B826B8590}"
EndProject
Project("{FAE04EC0-301F-11D3-BF4B-00C04F79EFBC}") = "Unity.ProBuilder.Csg", "Unity.ProBuilder.Csg.Player.csproj", "{3BAFD148-3649-4F96-4A27-3E59ADC4951E}"
EndProject
Project("{FAE04EC0-301F-11D3-BF4B-00C04F79EFBC}") = "kcp2k", "kcp2k.Player.csproj", "{144C64F7-12B8-0865-9A8D-4E7695C39D37}"
EndProject
Project("{FAE04EC0-301F-11D3-BF4B-00C04F79EFBC}") = "Mirror.Examples.Cloud.GUI", "Mirror.Examples.Cloud.GUI.Player.csproj", "{CB7897BA-6763-8035-2B71-B63F9D0BDD4B}"
EndProject
Project("{FAE04EC0-301F-11D3-BF4B-00C04F79EFBC}") = "Mirror.Cloud", "Mirror.Cloud.Player.csproj", "{6B30EB37-BE40-C427-8FC5-686ABD35976D}"
EndProject
Project("{FAE04EC0-301F-11D3-BF4B-00C04F79EFBC}") = "Unity.ProBuilder.KdTree", "Unity.ProBuilder.KdTree.Player.csproj", "{6AA0F0B4-566F-161A-D69B-71A6C8C8B8BB}"
EndProject
Project("{FAE04EC0-301F-11D3-BF4B-00C04F79EFBC}") = "Unity.TerrainTools", "Unity.TerrainTools.Player.csproj", "{235B3AB8-A8D6-F138-79EA-543E02E2952F}"
EndProject
Project("{FAE04EC0-301F-11D3-BF4B-00C04F79EFBC}") = "Unity.ProBuilder.Stl", "Unity.ProBuilder.Stl.Player.csproj", "{781FBF48-65EE-3DFD-B685-E79B60219403}"
EndProject
Project("{FAE04EC0-301F-11D3-BF4B-00C04F79EFBC}") = "Mirror.Examples.Cloud.Pong", "Mirror.Examples.Cloud.Pong.Player.csproj", "{02AE5326-592C-F5F7-4BD6-DD760BA1E1F5}"
EndProject
Global
	GlobalSection(SolutionConfigurationPlatforms) = preSolution
		Debug|Any CPU = Debug|Any CPU
		Release|Any CPU = Release|Any CPU
	EndGlobalSection
	GlobalSection(ProjectConfigurationPlatforms) = postSolution
		{1F727C4C-373F-014C-AE76-3EBAC7231A8C}.Debug|Any CPU.ActiveCfg = Debug|Any CPU
		{1F727C4C-373F-014C-AE76-3EBAC7231A8C}.Debug|Any CPU.Build.0 = Debug|Any CPU
		{1F727C4C-373F-014C-AE76-3EBAC7231A8C}.Release|Any CPU.ActiveCfg = Release|Any CPU
		{1F727C4C-373F-014C-AE76-3EBAC7231A8C}.Release|Any CPU.Build.0 = Release|Any CPU
		{BDBE31F7-F92A-03EF-8C83-326176A843E5}.Debug|Any CPU.ActiveCfg = Debug|Any CPU
		{BDBE31F7-F92A-03EF-8C83-326176A843E5}.Debug|Any CPU.Build.0 = Debug|Any CPU
		{BDBE31F7-F92A-03EF-8C83-326176A843E5}.Release|Any CPU.ActiveCfg = Release|Any CPU
		{BDBE31F7-F92A-03EF-8C83-326176A843E5}.Release|Any CPU.Build.0 = Release|Any CPU
		{D973CBAE-AF5C-67C8-9EC3-328FB0F61F9B}.Debug|Any CPU.ActiveCfg = Debug|Any CPU
		{D973CBAE-AF5C-67C8-9EC3-328FB0F61F9B}.Debug|Any CPU.Build.0 = Debug|Any CPU
		{D973CBAE-AF5C-67C8-9EC3-328FB0F61F9B}.Release|Any CPU.ActiveCfg = Release|Any CPU
		{D973CBAE-AF5C-67C8-9EC3-328FB0F61F9B}.Release|Any CPU.Build.0 = Release|Any CPU
		{567C1BA4-EB68-5DD1-C5B2-DA44C29FBB71}.Debug|Any CPU.ActiveCfg = Debug|Any CPU
		{567C1BA4-EB68-5DD1-C5B2-DA44C29FBB71}.Debug|Any CPU.Build.0 = Debug|Any CPU
		{567C1BA4-EB68-5DD1-C5B2-DA44C29FBB71}.Release|Any CPU.ActiveCfg = Release|Any CPU
		{567C1BA4-EB68-5DD1-C5B2-DA44C29FBB71}.Release|Any CPU.Build.0 = Release|Any CPU
		{5FB41B5A-010B-1F3D-2721-BBD4730E1309}.Debug|Any CPU.ActiveCfg = Debug|Any CPU
		{5FB41B5A-010B-1F3D-2721-BBD4730E1309}.Debug|Any CPU.Build.0 = Debug|Any CPU
		{5FB41B5A-010B-1F3D-2721-BBD4730E1309}.Release|Any CPU.ActiveCfg = Release|Any CPU
		{5FB41B5A-010B-1F3D-2721-BBD4730E1309}.Release|Any CPU.Build.0 = Release|Any CPU
		{72D51589-FD24-3C6F-ACA2-F3F5405C89C0}.Debug|Any CPU.ActiveCfg = Debug|Any CPU
		{72D51589-FD24-3C6F-ACA2-F3F5405C89C0}.Debug|Any CPU.Build.0 = Debug|Any CPU
		{72D51589-FD24-3C6F-ACA2-F3F5405C89C0}.Release|Any CPU.ActiveCfg = Release|Any CPU
		{72D51589-FD24-3C6F-ACA2-F3F5405C89C0}.Release|Any CPU.Build.0 = Release|Any CPU
		{CEA3E38F-453C-B877-6442-47867BC69156}.Debug|Any CPU.ActiveCfg = Debug|Any CPU
		{CEA3E38F-453C-B877-6442-47867BC69156}.Debug|Any CPU.Build.0 = Debug|Any CPU
		{CEA3E38F-453C-B877-6442-47867BC69156}.Release|Any CPU.ActiveCfg = Release|Any CPU
		{CEA3E38F-453C-B877-6442-47867BC69156}.Release|Any CPU.Build.0 = Release|Any CPU
		{1E0D1B20-7031-7D89-E2A2-609DFB9F6387}.Debug|Any CPU.ActiveCfg = Debug|Any CPU
		{1E0D1B20-7031-7D89-E2A2-609DFB9F6387}.Debug|Any CPU.Build.0 = Debug|Any CPU
		{1E0D1B20-7031-7D89-E2A2-609DFB9F6387}.Release|Any CPU.ActiveCfg = Release|Any CPU
		{1E0D1B20-7031-7D89-E2A2-609DFB9F6387}.Release|Any CPU.Build.0 = Release|Any CPU
		{670660D8-CE79-2A68-8E32-C68576462661}.Debug|Any CPU.ActiveCfg = Debug|Any CPU
		{670660D8-CE79-2A68-8E32-C68576462661}.Debug|Any CPU.Build.0 = Debug|Any CPU
		{670660D8-CE79-2A68-8E32-C68576462661}.Release|Any CPU.ActiveCfg = Release|Any CPU
		{670660D8-CE79-2A68-8E32-C68576462661}.Release|Any CPU.Build.0 = Release|Any CPU
		{D42C3431-D2FF-FB86-5E93-65197E52F21A}.Debug|Any CPU.ActiveCfg = Debug|Any CPU
		{D42C3431-D2FF-FB86-5E93-65197E52F21A}.Debug|Any CPU.Build.0 = Debug|Any CPU
		{D42C3431-D2FF-FB86-5E93-65197E52F21A}.Release|Any CPU.ActiveCfg = Release|Any CPU
		{D42C3431-D2FF-FB86-5E93-65197E52F21A}.Release|Any CPU.Build.0 = Release|Any CPU
		{522FA44F-8D0F-C735-16A6-0E4EC2674004}.Debug|Any CPU.ActiveCfg = Debug|Any CPU
		{522FA44F-8D0F-C735-16A6-0E4EC2674004}.Debug|Any CPU.Build.0 = Debug|Any CPU
		{522FA44F-8D0F-C735-16A6-0E4EC2674004}.Release|Any CPU.ActiveCfg = Release|Any CPU
		{522FA44F-8D0F-C735-16A6-0E4EC2674004}.Release|Any CPU.Build.0 = Release|Any CPU
		{9F795331-C958-DD99-3ADE-262103BE9342}.Debug|Any CPU.ActiveCfg = Debug|Any CPU
		{9F795331-C958-DD99-3ADE-262103BE9342}.Debug|Any CPU.Build.0 = Debug|Any CPU
		{9F795331-C958-DD99-3ADE-262103BE9342}.Release|Any CPU.ActiveCfg = Release|Any CPU
		{9F795331-C958-DD99-3ADE-262103BE9342}.Release|Any CPU.Build.0 = Release|Any CPU
		{1A84A970-AB9F-7803-0280-BF2E4BDA0C38}.Debug|Any CPU.ActiveCfg = Debug|Any CPU
		{1A84A970-AB9F-7803-0280-BF2E4BDA0C38}.Debug|Any CPU.Build.0 = Debug|Any CPU
		{1A84A970-AB9F-7803-0280-BF2E4BDA0C38}.Release|Any CPU.ActiveCfg = Release|Any CPU
		{1A84A970-AB9F-7803-0280-BF2E4BDA0C38}.Release|Any CPU.Build.0 = Release|Any CPU
		{0249A879-1322-21D9-C8A7-0A42654552FE}.Debug|Any CPU.ActiveCfg = Debug|Any CPU
		{0249A879-1322-21D9-C8A7-0A42654552FE}.Debug|Any CPU.Build.0 = Debug|Any CPU
		{0249A879-1322-21D9-C8A7-0A42654552FE}.Release|Any CPU.ActiveCfg = Release|Any CPU
		{0249A879-1322-21D9-C8A7-0A42654552FE}.Release|Any CPU.Build.0 = Release|Any CPU
		{DECBFEA5-C2B6-B688-AFE1-AAB091DB359E}.Debug|Any CPU.ActiveCfg = Debug|Any CPU
		{DECBFEA5-C2B6-B688-AFE1-AAB091DB359E}.Debug|Any CPU.Build.0 = Debug|Any CPU
		{DECBFEA5-C2B6-B688-AFE1-AAB091DB359E}.Release|Any CPU.ActiveCfg = Release|Any CPU
		{DECBFEA5-C2B6-B688-AFE1-AAB091DB359E}.Release|Any CPU.Build.0 = Release|Any CPU
		{9BC2D0DC-5EA3-F401-D1E4-1FE0867F8A4A}.Debug|Any CPU.ActiveCfg = Debug|Any CPU
		{9BC2D0DC-5EA3-F401-D1E4-1FE0867F8A4A}.Debug|Any CPU.Build.0 = Debug|Any CPU
		{9BC2D0DC-5EA3-F401-D1E4-1FE0867F8A4A}.Release|Any CPU.ActiveCfg = Release|Any CPU
		{9BC2D0DC-5EA3-F401-D1E4-1FE0867F8A4A}.Release|Any CPU.Build.0 = Release|Any CPU
		{E9163A40-BE88-8520-4D95-5BCD4092B3DD}.Debug|Any CPU.ActiveCfg = Debug|Any CPU
		{E9163A40-BE88-8520-4D95-5BCD4092B3DD}.Debug|Any CPU.Build.0 = Debug|Any CPU
		{E9163A40-BE88-8520-4D95-5BCD4092B3DD}.Release|Any CPU.ActiveCfg = Release|Any CPU
		{E9163A40-BE88-8520-4D95-5BCD4092B3DD}.Release|Any CPU.Build.0 = Release|Any CPU
		{4A2A5825-3364-D8B1-EA65-8AC65409BAE7}.Debug|Any CPU.ActiveCfg = Debug|Any CPU
		{4A2A5825-3364-D8B1-EA65-8AC65409BAE7}.Debug|Any CPU.Build.0 = Debug|Any CPU
		{4A2A5825-3364-D8B1-EA65-8AC65409BAE7}.Release|Any CPU.ActiveCfg = Release|Any CPU
		{4A2A5825-3364-D8B1-EA65-8AC65409BAE7}.Release|Any CPU.Build.0 = Release|Any CPU
		{3222F2A5-466A-532F-563B-9941D72E89DA}.Debug|Any CPU.ActiveCfg = Debug|Any CPU
		{3222F2A5-466A-532F-563B-9941D72E89DA}.Debug|Any CPU.Build.0 = Debug|Any CPU
		{3222F2A5-466A-532F-563B-9941D72E89DA}.Release|Any CPU.ActiveCfg = Release|Any CPU
		{3222F2A5-466A-532F-563B-9941D72E89DA}.Release|Any CPU.Build.0 = Release|Any CPU
		{479C5691-683C-1732-EEB7-DDA740C18929}.Debug|Any CPU.ActiveCfg = Debug|Any CPU
		{479C5691-683C-1732-EEB7-DDA740C18929}.Debug|Any CPU.Build.0 = Debug|Any CPU
		{479C5691-683C-1732-EEB7-DDA740C18929}.Release|Any CPU.ActiveCfg = Release|Any CPU
		{479C5691-683C-1732-EEB7-DDA740C18929}.Release|Any CPU.Build.0 = Release|Any CPU
		{6B771FF7-461D-2A78-5B79-7DC46D9FB2A7}.Debug|Any CPU.ActiveCfg = Debug|Any CPU
		{6B771FF7-461D-2A78-5B79-7DC46D9FB2A7}.Debug|Any CPU.Build.0 = Debug|Any CPU
		{6B771FF7-461D-2A78-5B79-7DC46D9FB2A7}.Release|Any CPU.ActiveCfg = Release|Any CPU
		{6B771FF7-461D-2A78-5B79-7DC46D9FB2A7}.Release|Any CPU.Build.0 = Release|Any CPU
		{AAC61846-C48E-39A1-D09E-C0F1394146D0}.Debug|Any CPU.ActiveCfg = Debug|Any CPU
		{AAC61846-C48E-39A1-D09E-C0F1394146D0}.Debug|Any CPU.Build.0 = Debug|Any CPU
		{AAC61846-C48E-39A1-D09E-C0F1394146D0}.Release|Any CPU.ActiveCfg = Release|Any CPU
		{AAC61846-C48E-39A1-D09E-C0F1394146D0}.Release|Any CPU.Build.0 = Release|Any CPU
		{B6580C5B-B964-F96A-7894-C13710F9CBD5}.Debug|Any CPU.ActiveCfg = Debug|Any CPU
		{B6580C5B-B964-F96A-7894-C13710F9CBD5}.Debug|Any CPU.Build.0 = Debug|Any CPU
		{B6580C5B-B964-F96A-7894-C13710F9CBD5}.Release|Any CPU.ActiveCfg = Release|Any CPU
		{B6580C5B-B964-F96A-7894-C13710F9CBD5}.Release|Any CPU.Build.0 = Release|Any CPU
		{FA214D2D-4DE2-4CBF-776F-5B82E46C03A6}.Debug|Any CPU.ActiveCfg = Debug|Any CPU
		{FA214D2D-4DE2-4CBF-776F-5B82E46C03A6}.Debug|Any CPU.Build.0 = Debug|Any CPU
		{FA214D2D-4DE2-4CBF-776F-5B82E46C03A6}.Release|Any CPU.ActiveCfg = Release|Any CPU
		{FA214D2D-4DE2-4CBF-776F-5B82E46C03A6}.Release|Any CPU.Build.0 = Release|Any CPU
		{E3D9DCE5-D06E-918D-44C1-D12C4CD1E8C8}.Debug|Any CPU.ActiveCfg = Debug|Any CPU
		{E3D9DCE5-D06E-918D-44C1-D12C4CD1E8C8}.Debug|Any CPU.Build.0 = Debug|Any CPU
		{E3D9DCE5-D06E-918D-44C1-D12C4CD1E8C8}.Release|Any CPU.ActiveCfg = Release|Any CPU
		{E3D9DCE5-D06E-918D-44C1-D12C4CD1E8C8}.Release|Any CPU.Build.0 = Release|Any CPU
		{6416A919-A435-8169-5F0F-48098ED9ADD9}.Debug|Any CPU.ActiveCfg = Debug|Any CPU
		{6416A919-A435-8169-5F0F-48098ED9ADD9}.Debug|Any CPU.Build.0 = Debug|Any CPU
		{6416A919-A435-8169-5F0F-48098ED9ADD9}.Release|Any CPU.ActiveCfg = Release|Any CPU
		{6416A919-A435-8169-5F0F-48098ED9ADD9}.Release|Any CPU.Build.0 = Release|Any CPU
		{7434A75E-3EAC-1BFE-C508-CC72C4CB79ED}.Debug|Any CPU.ActiveCfg = Debug|Any CPU
		{7434A75E-3EAC-1BFE-C508-CC72C4CB79ED}.Debug|Any CPU.Build.0 = Debug|Any CPU
		{7434A75E-3EAC-1BFE-C508-CC72C4CB79ED}.Release|Any CPU.ActiveCfg = Release|Any CPU
		{7434A75E-3EAC-1BFE-C508-CC72C4CB79ED}.Release|Any CPU.Build.0 = Release|Any CPU
		{6F48E1DB-084B-C18A-770C-B785EFE90553}.Debug|Any CPU.ActiveCfg = Debug|Any CPU
		{6F48E1DB-084B-C18A-770C-B785EFE90553}.Debug|Any CPU.Build.0 = Debug|Any CPU
		{6F48E1DB-084B-C18A-770C-B785EFE90553}.Release|Any CPU.ActiveCfg = Release|Any CPU
		{6F48E1DB-084B-C18A-770C-B785EFE90553}.Release|Any CPU.Build.0 = Release|Any CPU
		{0D438371-C9C9-5B46-3C26-F98DCEBE4397}.Debug|Any CPU.ActiveCfg = Debug|Any CPU
		{0D438371-C9C9-5B46-3C26-F98DCEBE4397}.Debug|Any CPU.Build.0 = Debug|Any CPU
		{0D438371-C9C9-5B46-3C26-F98DCEBE4397}.Release|Any CPU.ActiveCfg = Release|Any CPU
		{0D438371-C9C9-5B46-3C26-F98DCEBE4397}.Release|Any CPU.Build.0 = Release|Any CPU
		{DE9138AB-8B33-5D82-E3EA-4F7DBD93D900}.Debug|Any CPU.ActiveCfg = Debug|Any CPU
		{DE9138AB-8B33-5D82-E3EA-4F7DBD93D900}.Debug|Any CPU.Build.0 = Debug|Any CPU
		{DE9138AB-8B33-5D82-E3EA-4F7DBD93D900}.Release|Any CPU.ActiveCfg = Release|Any CPU
		{DE9138AB-8B33-5D82-E3EA-4F7DBD93D900}.Release|Any CPU.Build.0 = Release|Any CPU
		{BE7B4399-0094-60E1-8142-EF7FA049DCB0}.Debug|Any CPU.ActiveCfg = Debug|Any CPU
		{BE7B4399-0094-60E1-8142-EF7FA049DCB0}.Debug|Any CPU.Build.0 = Debug|Any CPU
		{BE7B4399-0094-60E1-8142-EF7FA049DCB0}.Release|Any CPU.ActiveCfg = Release|Any CPU
		{BE7B4399-0094-60E1-8142-EF7FA049DCB0}.Release|Any CPU.Build.0 = Release|Any CPU
		{58A07AE4-DB78-8DD4-6BA7-C580FCD672EA}.Debug|Any CPU.ActiveCfg = Debug|Any CPU
		{58A07AE4-DB78-8DD4-6BA7-C580FCD672EA}.Debug|Any CPU.Build.0 = Debug|Any CPU
		{58A07AE4-DB78-8DD4-6BA7-C580FCD672EA}.Release|Any CPU.ActiveCfg = Release|Any CPU
		{58A07AE4-DB78-8DD4-6BA7-C580FCD672EA}.Release|Any CPU.Build.0 = Release|Any CPU
		{381E6AB4-2A32-45EA-AAA2-E31F14F78389}.Debug|Any CPU.ActiveCfg = Debug|Any CPU
		{381E6AB4-2A32-45EA-AAA2-E31F14F78389}.Debug|Any CPU.Build.0 = Debug|Any CPU
		{381E6AB4-2A32-45EA-AAA2-E31F14F78389}.Release|Any CPU.ActiveCfg = Release|Any CPU
		{381E6AB4-2A32-45EA-AAA2-E31F14F78389}.Release|Any CPU.Build.0 = Release|Any CPU
		{6C8CAC7D-136F-CBE2-BEEC-6AA6F54CE3DB}.Debug|Any CPU.ActiveCfg = Debug|Any CPU
		{6C8CAC7D-136F-CBE2-BEEC-6AA6F54CE3DB}.Debug|Any CPU.Build.0 = Debug|Any CPU
		{6C8CAC7D-136F-CBE2-BEEC-6AA6F54CE3DB}.Release|Any CPU.ActiveCfg = Release|Any CPU
		{6C8CAC7D-136F-CBE2-BEEC-6AA6F54CE3DB}.Release|Any CPU.Build.0 = Release|Any CPU
		{73BEB378-CC36-B095-87E1-03A8209B4239}.Debug|Any CPU.ActiveCfg = Debug|Any CPU
		{73BEB378-CC36-B095-87E1-03A8209B4239}.Debug|Any CPU.Build.0 = Debug|Any CPU
		{73BEB378-CC36-B095-87E1-03A8209B4239}.Release|Any CPU.ActiveCfg = Release|Any CPU
		{73BEB378-CC36-B095-87E1-03A8209B4239}.Release|Any CPU.Build.0 = Release|Any CPU
		{4F3D477D-019B-3C26-ADDA-654CD74A143E}.Debug|Any CPU.ActiveCfg = Debug|Any CPU
		{4F3D477D-019B-3C26-ADDA-654CD74A143E}.Debug|Any CPU.Build.0 = Debug|Any CPU
		{4F3D477D-019B-3C26-ADDA-654CD74A143E}.Release|Any CPU.ActiveCfg = Release|Any CPU
		{4F3D477D-019B-3C26-ADDA-654CD74A143E}.Release|Any CPU.Build.0 = Release|Any CPU
		{B0061C9C-475A-ACAF-B149-38B328122A62}.Debug|Any CPU.ActiveCfg = Debug|Any CPU
		{B0061C9C-475A-ACAF-B149-38B328122A62}.Debug|Any CPU.Build.0 = Debug|Any CPU
		{B0061C9C-475A-ACAF-B149-38B328122A62}.Release|Any CPU.ActiveCfg = Release|Any CPU
		{B0061C9C-475A-ACAF-B149-38B328122A62}.Release|Any CPU.Build.0 = Release|Any CPU
		{4F3BE4DD-4CBD-B8E5-3497-F71D1EBA5795}.Debug|Any CPU.ActiveCfg = Debug|Any CPU
		{4F3BE4DD-4CBD-B8E5-3497-F71D1EBA5795}.Debug|Any CPU.Build.0 = Debug|Any CPU
		{4F3BE4DD-4CBD-B8E5-3497-F71D1EBA5795}.Release|Any CPU.ActiveCfg = Release|Any CPU
		{4F3BE4DD-4CBD-B8E5-3497-F71D1EBA5795}.Release|Any CPU.Build.0 = Release|Any CPU
		{B7C3713A-5FC7-630E-B8F1-EA08BEC19BFC}.Debug|Any CPU.ActiveCfg = Debug|Any CPU
		{B7C3713A-5FC7-630E-B8F1-EA08BEC19BFC}.Debug|Any CPU.Build.0 = Debug|Any CPU
		{B7C3713A-5FC7-630E-B8F1-EA08BEC19BFC}.Release|Any CPU.ActiveCfg = Release|Any CPU
		{B7C3713A-5FC7-630E-B8F1-EA08BEC19BFC}.Release|Any CPU.Build.0 = Release|Any CPU
		{31AB31BD-59B7-633E-6701-28AF85417EBE}.Debug|Any CPU.ActiveCfg = Debug|Any CPU
		{31AB31BD-59B7-633E-6701-28AF85417EBE}.Debug|Any CPU.Build.0 = Debug|Any CPU
		{31AB31BD-59B7-633E-6701-28AF85417EBE}.Release|Any CPU.ActiveCfg = Release|Any CPU
		{31AB31BD-59B7-633E-6701-28AF85417EBE}.Release|Any CPU.Build.0 = Release|Any CPU
		{A593AEE7-4ABD-24EF-3463-72624C03405C}.Debug|Any CPU.ActiveCfg = Debug|Any CPU
		{A593AEE7-4ABD-24EF-3463-72624C03405C}.Debug|Any CPU.Build.0 = Debug|Any CPU
		{A593AEE7-4ABD-24EF-3463-72624C03405C}.Release|Any CPU.ActiveCfg = Release|Any CPU
		{A593AEE7-4ABD-24EF-3463-72624C03405C}.Release|Any CPU.Build.0 = Release|Any CPU
		{9E68D322-07E5-F116-53ED-A753E7542B73}.Debug|Any CPU.ActiveCfg = Debug|Any CPU
		{9E68D322-07E5-F116-53ED-A753E7542B73}.Debug|Any CPU.Build.0 = Debug|Any CPU
		{9E68D322-07E5-F116-53ED-A753E7542B73}.Release|Any CPU.ActiveCfg = Release|Any CPU
		{9E68D322-07E5-F116-53ED-A753E7542B73}.Release|Any CPU.Build.0 = Release|Any CPU
		{B083D613-6B42-0B53-CB2F-B897E785960F}.Debug|Any CPU.ActiveCfg = Debug|Any CPU
		{B083D613-6B42-0B53-CB2F-B897E785960F}.Debug|Any CPU.Build.0 = Debug|Any CPU
		{B083D613-6B42-0B53-CB2F-B897E785960F}.Release|Any CPU.ActiveCfg = Release|Any CPU
		{B083D613-6B42-0B53-CB2F-B897E785960F}.Release|Any CPU.Build.0 = Release|Any CPU
		{02161A83-E2E3-838E-E40F-0AFA41CEA2E1}.Debug|Any CPU.ActiveCfg = Debug|Any CPU
		{02161A83-E2E3-838E-E40F-0AFA41CEA2E1}.Debug|Any CPU.Build.0 = Debug|Any CPU
		{02161A83-E2E3-838E-E40F-0AFA41CEA2E1}.Release|Any CPU.ActiveCfg = Release|Any CPU
		{02161A83-E2E3-838E-E40F-0AFA41CEA2E1}.Release|Any CPU.Build.0 = Release|Any CPU
		{A6C0D091-F7AA-6361-B263-17D2F31FD340}.Debug|Any CPU.ActiveCfg = Debug|Any CPU
		{A6C0D091-F7AA-6361-B263-17D2F31FD340}.Debug|Any CPU.Build.0 = Debug|Any CPU
		{A6C0D091-F7AA-6361-B263-17D2F31FD340}.Release|Any CPU.ActiveCfg = Release|Any CPU
		{A6C0D091-F7AA-6361-B263-17D2F31FD340}.Release|Any CPU.Build.0 = Release|Any CPU
		{6B5B7EE2-3042-B433-1B2F-7456D4EC39A7}.Debug|Any CPU.ActiveCfg = Debug|Any CPU
		{6B5B7EE2-3042-B433-1B2F-7456D4EC39A7}.Debug|Any CPU.Build.0 = Debug|Any CPU
		{6B5B7EE2-3042-B433-1B2F-7456D4EC39A7}.Release|Any CPU.ActiveCfg = Release|Any CPU
		{6B5B7EE2-3042-B433-1B2F-7456D4EC39A7}.Release|Any CPU.Build.0 = Release|Any CPU
		{9756D6D3-5D69-729C-EAC7-642F3CE0D013}.Debug|Any CPU.ActiveCfg = Debug|Any CPU
		{9756D6D3-5D69-729C-EAC7-642F3CE0D013}.Debug|Any CPU.Build.0 = Debug|Any CPU
		{9756D6D3-5D69-729C-EAC7-642F3CE0D013}.Release|Any CPU.ActiveCfg = Release|Any CPU
		{9756D6D3-5D69-729C-EAC7-642F3CE0D013}.Release|Any CPU.Build.0 = Release|Any CPU
		{14D441BB-5CED-F548-41AC-A478AB06AA9F}.Debug|Any CPU.ActiveCfg = Debug|Any CPU
		{14D441BB-5CED-F548-41AC-A478AB06AA9F}.Debug|Any CPU.Build.0 = Debug|Any CPU
		{14D441BB-5CED-F548-41AC-A478AB06AA9F}.Release|Any CPU.ActiveCfg = Release|Any CPU
		{14D441BB-5CED-F548-41AC-A478AB06AA9F}.Release|Any CPU.Build.0 = Release|Any CPU
		{5192C201-F545-E03A-0850-7A5E079ABAE9}.Debug|Any CPU.ActiveCfg = Debug|Any CPU
		{5192C201-F545-E03A-0850-7A5E079ABAE9}.Debug|Any CPU.Build.0 = Debug|Any CPU
		{5192C201-F545-E03A-0850-7A5E079ABAE9}.Release|Any CPU.ActiveCfg = Release|Any CPU
		{5192C201-F545-E03A-0850-7A5E079ABAE9}.Release|Any CPU.Build.0 = Release|Any CPU
		{AD7A9A81-95F5-C398-06F1-D77D8DFFE4CF}.Debug|Any CPU.ActiveCfg = Debug|Any CPU
		{AD7A9A81-95F5-C398-06F1-D77D8DFFE4CF}.Debug|Any CPU.Build.0 = Debug|Any CPU
		{AD7A9A81-95F5-C398-06F1-D77D8DFFE4CF}.Release|Any CPU.ActiveCfg = Release|Any CPU
		{AD7A9A81-95F5-C398-06F1-D77D8DFFE4CF}.Release|Any CPU.Build.0 = Release|Any CPU
		{F164DB94-E58C-E1CF-059A-C511C2259B1D}.Debug|Any CPU.ActiveCfg = Debug|Any CPU
		{F164DB94-E58C-E1CF-059A-C511C2259B1D}.Debug|Any CPU.Build.0 = Debug|Any CPU
		{F164DB94-E58C-E1CF-059A-C511C2259B1D}.Release|Any CPU.ActiveCfg = Release|Any CPU
		{F164DB94-E58C-E1CF-059A-C511C2259B1D}.Release|Any CPU.Build.0 = Release|Any CPU
		{6370BDD0-E6C3-E8F8-A615-F63B826B8590}.Debug|Any CPU.ActiveCfg = Debug|Any CPU
		{6370BDD0-E6C3-E8F8-A615-F63B826B8590}.Debug|Any CPU.Build.0 = Debug|Any CPU
		{6370BDD0-E6C3-E8F8-A615-F63B826B8590}.Release|Any CPU.ActiveCfg = Release|Any CPU
		{6370BDD0-E6C3-E8F8-A615-F63B826B8590}.Release|Any CPU.Build.0 = Release|Any CPU
		{3BAFD148-3649-4F96-4A27-3E59ADC4951E}.Debug|Any CPU.ActiveCfg = Debug|Any CPU
		{3BAFD148-3649-4F96-4A27-3E59ADC4951E}.Debug|Any CPU.Build.0 = Debug|Any CPU
		{3BAFD148-3649-4F96-4A27-3E59ADC4951E}.Release|Any CPU.ActiveCfg = Release|Any CPU
		{3BAFD148-3649-4F96-4A27-3E59ADC4951E}.Release|Any CPU.Build.0 = Release|Any CPU
		{144C64F7-12B8-0865-9A8D-4E7695C39D37}.Debug|Any CPU.ActiveCfg = Debug|Any CPU
		{144C64F7-12B8-0865-9A8D-4E7695C39D37}.Debug|Any CPU.Build.0 = Debug|Any CPU
		{144C64F7-12B8-0865-9A8D-4E7695C39D37}.Release|Any CPU.ActiveCfg = Release|Any CPU
		{144C64F7-12B8-0865-9A8D-4E7695C39D37}.Release|Any CPU.Build.0 = Release|Any CPU
		{CB7897BA-6763-8035-2B71-B63F9D0BDD4B}.Debug|Any CPU.ActiveCfg = Debug|Any CPU
		{CB7897BA-6763-8035-2B71-B63F9D0BDD4B}.Debug|Any CPU.Build.0 = Debug|Any CPU
		{CB7897BA-6763-8035-2B71-B63F9D0BDD4B}.Release|Any CPU.ActiveCfg = Release|Any CPU
		{CB7897BA-6763-8035-2B71-B63F9D0BDD4B}.Release|Any CPU.Build.0 = Release|Any CPU
		{6B30EB37-BE40-C427-8FC5-686ABD35976D}.Debug|Any CPU.ActiveCfg = Debug|Any CPU
		{6B30EB37-BE40-C427-8FC5-686ABD35976D}.Debug|Any CPU.Build.0 = Debug|Any CPU
		{6B30EB37-BE40-C427-8FC5-686ABD35976D}.Release|Any CPU.ActiveCfg = Release|Any CPU
		{6B30EB37-BE40-C427-8FC5-686ABD35976D}.Release|Any CPU.Build.0 = Release|Any CPU
		{6AA0F0B4-566F-161A-D69B-71A6C8C8B8BB}.Debug|Any CPU.ActiveCfg = Debug|Any CPU
		{6AA0F0B4-566F-161A-D69B-71A6C8C8B8BB}.Debug|Any CPU.Build.0 = Debug|Any CPU
		{6AA0F0B4-566F-161A-D69B-71A6C8C8B8BB}.Release|Any CPU.ActiveCfg = Release|Any CPU
		{6AA0F0B4-566F-161A-D69B-71A6C8C8B8BB}.Release|Any CPU.Build.0 = Release|Any CPU
		{235B3AB8-A8D6-F138-79EA-543E02E2952F}.Debug|Any CPU.ActiveCfg = Debug|Any CPU
		{235B3AB8-A8D6-F138-79EA-543E02E2952F}.Debug|Any CPU.Build.0 = Debug|Any CPU
		{235B3AB8-A8D6-F138-79EA-543E02E2952F}.Release|Any CPU.ActiveCfg = Release|Any CPU
		{235B3AB8-A8D6-F138-79EA-543E02E2952F}.Release|Any CPU.Build.0 = Release|Any CPU
		{781FBF48-65EE-3DFD-B685-E79B60219403}.Debug|Any CPU.ActiveCfg = Debug|Any CPU
		{781FBF48-65EE-3DFD-B685-E79B60219403}.Debug|Any CPU.Build.0 = Debug|Any CPU
		{781FBF48-65EE-3DFD-B685-E79B60219403}.Release|Any CPU.ActiveCfg = Release|Any CPU
		{781FBF48-65EE-3DFD-B685-E79B60219403}.Release|Any CPU.Build.0 = Release|Any CPU
		{02AE5326-592C-F5F7-4BD6-DD760BA1E1F5}.Debug|Any CPU.ActiveCfg = Debug|Any CPU
		{02AE5326-592C-F5F7-4BD6-DD760BA1E1F5}.Debug|Any CPU.Build.0 = Debug|Any CPU
		{02AE5326-592C-F5F7-4BD6-DD760BA1E1F5}.Release|Any CPU.ActiveCfg = Release|Any CPU
		{02AE5326-592C-F5F7-4BD6-DD760BA1E1F5}.Release|Any CPU.Build.0 = Release|Any CPU
	EndGlobalSection
	GlobalSection(SolutionProperties) = preSolution
		HideSolutionNode = FALSE
	EndGlobalSection
EndGlobal
