
Microsoft Visual Studio Solution File, Format Version 12.00
# Visual Studio 15
Project("{FAE04EC0-301F-11D3-BF4B-00C04F79EFBC}") = "UnityEngine.UI", "UnityEngine.UI.csproj", "{CEA3E38F-453C-B877-6442-47867BC69156}"
EndProject
Project("{FAE04EC0-301F-11D3-BF4B-00C04F79EFBC}") = "UnityEngine.TestRunner", "UnityEngine.TestRunner.csproj", "{BDBE31F7-F92A-03EF-8C83-326176A843E5}"
EndProject
Project("{FAE04EC0-301F-11D3-BF4B-00C04F79EFBC}") = "Assembly-CSharp", "Assembly-CSharp.csproj", "{D973CBAE-AF5C-67C8-9EC3-328FB0F61F9B}"
EndProject
Project("{FAE04EC0-301F-11D3-BF4B-00C04F79EFBC}") = "SimpleWebTransport", "SimpleWebTransport.csproj", "{567C1BA4-EB68-5DD1-C5B2-DA44C29FBB71}"
EndProject
Project("{FAE04EC0-301F-11D3-BF4B-00C04F79EFBC}") = "Mirror", "Mirror.csproj", "{1F727C4C-373F-014C-AE76-3EBAC7231A8C}"
EndProject
Project("{FAE04EC0-301F-11D3-BF4B-00C04F79EFBC}") = "Unity.TextMeshPro", "Unity.TextMeshPro.csproj", "{D42C3431-D2FF-FB86-5E93-65197E52F21A}"
EndProject
Project("{FAE04EC0-301F-11D3-BF4B-00C04F79EFBC}") = "Unity.Timeline", "Unity.Timeline.csproj", "{5FB41B5A-010B-1F3D-2721-BBD4730E1309}"
EndProject
Project("{FAE04EC0-301F-11D3-BF4B-00C04F79EFBC}") = "Telepathy", "Telepathy.csproj", "{9F795331-C958-DD99-3ADE-262103BE9342}"
EndProject
Project("{FAE04EC0-301F-11D3-BF4B-00C04F79EFBC}") = "Mirror.Cloud", "Mirror.Cloud.csproj", "{E9163A40-BE88-8520-4D95-5BCD4092B3DD}"
EndProject
Project("{FAE04EC0-301F-11D3-BF4B-00C04F79EFBC}") = "Mirror.Components", "Mirror.Components.csproj", "{670660D8-CE79-2A68-8E32-C68576462661}"
EndProject
Project("{FAE04EC0-301F-11D3-BF4B-00C04F79EFBC}") = "Mirror.Examples", "Mirror.Examples.csproj", "{72D51589-FD24-3C6F-ACA2-F3F5405C89C0}"
EndProject
Project("{FAE04EC0-301F-11D3-BF4B-00C04F79EFBC}") = "Mirror.Examples.Cloud.GUI", "Mirror.Examples.Cloud.GUI.csproj", "{9BC2D0DC-5EA3-F401-D1E4-1FE0867F8A4A}"
EndProject
Project("{FAE04EC0-301F-11D3-BF4B-00C04F79EFBC}") = "kcp2k", "kcp2k.csproj", "{DECBFEA5-C2B6-B688-AFE1-AAB091DB359E}"
EndProject
Project("{FAE04EC0-301F-11D3-BF4B-00C04F79EFBC}") = "Mirror.Examples.Cloud.Pong", "Mirror.Examples.Cloud.Pong.csproj", "{6B771FF7-461D-2A78-5B79-7DC46D9FB2A7}"
EndProject
Project("{FAE04EC0-301F-11D3-BF4B-00C04F79EFBC}") = "Mirror.Authenticators", "Mirror.Authenticators.csproj", "{1A84A970-AB9F-7803-0280-BF2E4BDA0C38}"
EndProject
Project("{FAE04EC0-301F-11D3-BF4B-00C04F79EFBC}") = "UnityEditor.TestRunner", "UnityEditor.TestRunner.csproj", "{AAC61846-C48E-39A1-D09E-C0F1394146D0}"
EndProject
Project("{FAE04EC0-301F-11D3-BF4B-00C04F79EFBC}") = "Unity.TextMeshPro.Editor", "Unity.TextMeshPro.Editor.csproj", "{0D438371-C9C9-5B46-3C26-F98DCEBE4397}"
EndProject
Project("{FAE04EC0-301F-11D3-BF4B-00C04F79EFBC}") = "Unity.Timeline.Editor", "Unity.Timeline.Editor.csproj", "{7434A75E-3EAC-1BFE-C508-CC72C4CB79ED}"
EndProject
Project("{FAE04EC0-301F-11D3-BF4B-00C04F79EFBC}") = "UnityEditor.UI", "UnityEditor.UI.csproj", "{6416A919-A435-8169-5F0F-48098ED9ADD9}"
EndProject
Project("{FAE04EC0-301F-11D3-BF4B-00C04F79EFBC}") = "Mirror.Weaver", "Mirror.Weaver.csproj", "{BE7B4399-0094-60E1-8142-EF7FA049DCB0}"
EndProject
Project("{FAE04EC0-301F-11D3-BF4B-00C04F79EFBC}") = "Unity.Rider.Editor", "Unity.Rider.Editor.csproj", "{381E6AB4-2A32-45EA-AAA2-E31F14F78389}"
EndProject
Project("{FAE04EC0-301F-11D3-BF4B-00C04F79EFBC}") = "Mirror.Editor", "Mirror.Editor.csproj", "{6C8CAC7D-136F-CBE2-BEEC-6AA6F54CE3DB}"
EndProject
Project("{FAE04EC0-301F-11D3-BF4B-00C04F79EFBC}") = "Unity.CollabProxy.Editor", "Unity.CollabProxy.Editor.csproj", "{DE9138AB-8B33-5D82-E3EA-4F7DBD93D900}"
EndProject
Project("{FAE04EC0-301F-11D3-BF4B-00C04F79EFBC}") = "ParrelSync", "ParrelSync.csproj", "{58A07AE4-DB78-8DD4-6BA7-C580FCD672EA}"
EndProject
Project("{FAE04EC0-301F-11D3-BF4B-00C04F79EFBC}") = "Unity.VSCode.Editor", "Unity.VSCode.Editor.csproj", "{73BEB378-CC36-B095-87E1-03A8209B4239}"
EndProject
Project("{FAE04EC0-301F-11D3-BF4B-00C04F79EFBC}") = "Mirror.CompilerSymbols", "Mirror.CompilerSymbols.csproj", "{4F3BE4DD-4CBD-B8E5-3497-F71D1EBA5795}"
EndProject
Global
	GlobalSection(SolutionConfigurationPlatforms) = preSolution
		Debug|Any CPU = Debug|Any CPU
		Release|Any CPU = Release|Any CPU
	EndGlobalSection
	GlobalSection(ProjectConfigurationPlatforms) = postSolution
		{CEA3E38F-453C-B877-6442-47867BC69156}.Debug|Any CPU.ActiveCfg = Debug|Any CPU
		{CEA3E38F-453C-B877-6442-47867BC69156}.Debug|Any CPU.Build.0 = Debug|Any CPU
		{CEA3E38F-453C-B877-6442-47867BC69156}.Release|Any CPU.ActiveCfg = Release|Any CPU
		{CEA3E38F-453C-B877-6442-47867BC69156}.Release|Any CPU.Build.0 = Release|Any CPU
		{BDBE31F7-F92A-03EF-8C83-326176A843E5}.Debug|Any CPU.ActiveCfg = Debug|Any CPU
		{BDBE31F7-F92A-03EF-8C83-326176A843E5}.Debug|Any CPU.Build.0 = Debug|Any CPU
		{BDBE31F7-F92A-03EF-8C83-326176A843E5}.Release|Any CPU.ActiveCfg = Release|Any CPU
		{BDBE31F7-F92A-03EF-8C83-326176A843E5}.Release|Any CPU.Build.0 = Release|Any CPU
		{D973CBAE-AF5C-67C8-9EC3-328FB0F61F9B}.Debug|Any CPU.ActiveCfg = Debug|Any CPU
		{D973CBAE-AF5C-67C8-9EC3-328FB0F61F9B}.Debug|Any CPU.Build.0 = Debug|Any CPU
		{D973CBAE-AF5C-67C8-9EC3-328FB0F61F9B}.Release|Any CPU.ActiveCfg = Release|Any CPU
		{D973CBAE-AF5C-67C8-9EC3-328FB0F61F9B}.Release|Any CPU.Build.0 = Release|Any CPU
		{567C1BA4-EB68-5DD1-C5B2-DA44C29FBB71}.Debug|Any CPU.ActiveCfg = Debug|Any CPU
		{567C1BA4-EB68-5DD1-C5B2-DA44C29FBB71}.Debug|Any CPU.Build.0 = Debug|Any CPU
		{567C1BA4-EB68-5DD1-C5B2-DA44C29FBB71}.Release|Any CPU.ActiveCfg = Release|Any CPU
		{567C1BA4-EB68-5DD1-C5B2-DA44C29FBB71}.Release|Any CPU.Build.0 = Release|Any CPU
		{1F727C4C-373F-014C-AE76-3EBAC7231A8C}.Debug|Any CPU.ActiveCfg = Debug|Any CPU
		{1F727C4C-373F-014C-AE76-3EBAC7231A8C}.Debug|Any CPU.Build.0 = Debug|Any CPU
		{1F727C4C-373F-014C-AE76-3EBAC7231A8C}.Release|Any CPU.ActiveCfg = Release|Any CPU
		{1F727C4C-373F-014C-AE76-3EBAC7231A8C}.Release|Any CPU.Build.0 = Release|Any CPU
		{D42C3431-D2FF-FB86-5E93-65197E52F21A}.Debug|Any CPU.ActiveCfg = Debug|Any CPU
		{D42C3431-D2FF-FB86-5E93-65197E52F21A}.Debug|Any CPU.Build.0 = Debug|Any CPU
		{D42C3431-D2FF-FB86-5E93-65197E52F21A}.Release|Any CPU.ActiveCfg = Release|Any CPU
		{D42C3431-D2FF-FB86-5E93-65197E52F21A}.Release|Any CPU.Build.0 = Release|Any CPU
		{5FB41B5A-010B-1F3D-2721-BBD4730E1309}.Debug|Any CPU.ActiveCfg = Debug|Any CPU
		{5FB41B5A-010B-1F3D-2721-BBD4730E1309}.Debug|Any CPU.Build.0 = Debug|Any CPU
		{5FB41B5A-010B-1F3D-2721-BBD4730E1309}.Release|Any CPU.ActiveCfg = Release|Any CPU
		{5FB41B5A-010B-1F3D-2721-BBD4730E1309}.Release|Any CPU.Build.0 = Release|Any CPU
		{9F795331-C958-DD99-3ADE-262103BE9342}.Debug|Any CPU.ActiveCfg = Debug|Any CPU
		{9F795331-C958-DD99-3ADE-262103BE9342}.Debug|Any CPU.Build.0 = Debug|Any CPU
		{9F795331-C958-DD99-3ADE-262103BE9342}.Release|Any CPU.ActiveCfg = Release|Any CPU
		{9F795331-C958-DD99-3ADE-262103BE9342}.Release|Any CPU.Build.0 = Release|Any CPU
		{E9163A40-BE88-8520-4D95-5BCD4092B3DD}.Debug|Any CPU.ActiveCfg = Debug|Any CPU
		{E9163A40-BE88-8520-4D95-5BCD4092B3DD}.Debug|Any CPU.Build.0 = Debug|Any CPU
		{E9163A40-BE88-8520-4D95-5BCD4092B3DD}.Release|Any CPU.ActiveCfg = Release|Any CPU
		{E9163A40-BE88-8520-4D95-5BCD4092B3DD}.Release|Any CPU.Build.0 = Release|Any CPU
		{670660D8-CE79-2A68-8E32-C68576462661}.Debug|Any CPU.ActiveCfg = Debug|Any CPU
		{670660D8-CE79-2A68-8E32-C68576462661}.Debug|Any CPU.Build.0 = Debug|Any CPU
		{670660D8-CE79-2A68-8E32-C68576462661}.Release|Any CPU.ActiveCfg = Release|Any CPU
		{670660D8-CE79-2A68-8E32-C68576462661}.Release|Any CPU.Build.0 = Release|Any CPU
		{72D51589-FD24-3C6F-ACA2-F3F5405C89C0}.Debug|Any CPU.ActiveCfg = Debug|Any CPU
		{72D51589-FD24-3C6F-ACA2-F3F5405C89C0}.Debug|Any CPU.Build.0 = Debug|Any CPU
		{72D51589-FD24-3C6F-ACA2-F3F5405C89C0}.Release|Any CPU.ActiveCfg = Release|Any CPU
		{72D51589-FD24-3C6F-ACA2-F3F5405C89C0}.Release|Any CPU.Build.0 = Release|Any CPU
		{9BC2D0DC-5EA3-F401-D1E4-1FE0867F8A4A}.Debug|Any CPU.ActiveCfg = Debug|Any CPU
		{9BC2D0DC-5EA3-F401-D1E4-1FE0867F8A4A}.Debug|Any CPU.Build.0 = Debug|Any CPU
		{9BC2D0DC-5EA3-F401-D1E4-1FE0867F8A4A}.Release|Any CPU.ActiveCfg = Release|Any CPU
		{9BC2D0DC-5EA3-F401-D1E4-1FE0867F8A4A}.Release|Any CPU.Build.0 = Release|Any CPU
		{DECBFEA5-C2B6-B688-AFE1-AAB091DB359E}.Debug|Any CPU.ActiveCfg = Debug|Any CPU
		{DECBFEA5-C2B6-B688-AFE1-AAB091DB359E}.Debug|Any CPU.Build.0 = Debug|Any CPU
		{DECBFEA5-C2B6-B688-AFE1-AAB091DB359E}.Release|Any CPU.ActiveCfg = Release|Any CPU
		{DECBFEA5-C2B6-B688-AFE1-AAB091DB359E}.Release|Any CPU.Build.0 = Release|Any CPU
		{6B771FF7-461D-2A78-5B79-7DC46D9FB2A7}.Debug|Any CPU.ActiveCfg = Debug|Any CPU
		{6B771FF7-461D-2A78-5B79-7DC46D9FB2A7}.Debug|Any CPU.Build.0 = Debug|Any CPU
		{6B771FF7-461D-2A78-5B79-7DC46D9FB2A7}.Release|Any CPU.ActiveCfg = Release|Any CPU
		{6B771FF7-461D-2A78-5B79-7DC46D9FB2A7}.Release|Any CPU.Build.0 = Release|Any CPU
		{1A84A970-AB9F-7803-0280-BF2E4BDA0C38}.Debug|Any CPU.ActiveCfg = Debug|Any CPU
		{1A84A970-AB9F-7803-0280-BF2E4BDA0C38}.Debug|Any CPU.Build.0 = Debug|Any CPU
		{1A84A970-AB9F-7803-0280-BF2E4BDA0C38}.Release|Any CPU.ActiveCfg = Release|Any CPU
		{1A84A970-AB9F-7803-0280-BF2E4BDA0C38}.Release|Any CPU.Build.0 = Release|Any CPU
		{AAC61846-C48E-39A1-D09E-C0F1394146D0}.Debug|Any CPU.ActiveCfg = Debug|Any CPU
		{AAC61846-C48E-39A1-D09E-C0F1394146D0}.Debug|Any CPU.Build.0 = Debug|Any CPU
		{AAC61846-C48E-39A1-D09E-C0F1394146D0}.Release|Any CPU.ActiveCfg = Release|Any CPU
		{AAC61846-C48E-39A1-D09E-C0F1394146D0}.Release|Any CPU.Build.0 = Release|Any CPU
		{0D438371-C9C9-5B46-3C26-F98DCEBE4397}.Debug|Any CPU.ActiveCfg = Debug|Any CPU
		{0D438371-C9C9-5B46-3C26-F98DCEBE4397}.Debug|Any CPU.Build.0 = Debug|Any CPU
		{0D438371-C9C9-5B46-3C26-F98DCEBE4397}.Release|Any CPU.ActiveCfg = Release|Any CPU
		{0D438371-C9C9-5B46-3C26-F98DCEBE4397}.Release|Any CPU.Build.0 = Release|Any CPU
		{7434A75E-3EAC-1BFE-C508-CC72C4CB79ED}.Debug|Any CPU.ActiveCfg = Debug|Any CPU
		{7434A75E-3EAC-1BFE-C508-CC72C4CB79ED}.Debug|Any CPU.Build.0 = Debug|Any CPU
		{7434A75E-3EAC-1BFE-C508-CC72C4CB79ED}.Release|Any CPU.ActiveCfg = Release|Any CPU
		{7434A75E-3EAC-1BFE-C508-CC72C4CB79ED}.Release|Any CPU.Build.0 = Release|Any CPU
		{6416A919-A435-8169-5F0F-48098ED9ADD9}.Debug|Any CPU.ActiveCfg = Debug|Any CPU
		{6416A919-A435-8169-5F0F-48098ED9ADD9}.Debug|Any CPU.Build.0 = Debug|Any CPU
		{6416A919-A435-8169-5F0F-48098ED9ADD9}.Release|Any CPU.ActiveCfg = Release|Any CPU
		{6416A919-A435-8169-5F0F-48098ED9ADD9}.Release|Any CPU.Build.0 = Release|Any CPU
		{BE7B4399-0094-60E1-8142-EF7FA049DCB0}.Debug|Any CPU.ActiveCfg = Debug|Any CPU
		{BE7B4399-0094-60E1-8142-EF7FA049DCB0}.Debug|Any CPU.Build.0 = Debug|Any CPU
		{BE7B4399-0094-60E1-8142-EF7FA049DCB0}.Release|Any CPU.ActiveCfg = Release|Any CPU
		{BE7B4399-0094-60E1-8142-EF7FA049DCB0}.Release|Any CPU.Build.0 = Release|Any CPU
		{381E6AB4-2A32-45EA-AAA2-E31F14F78389}.Debug|Any CPU.ActiveCfg = Debug|Any CPU
		{381E6AB4-2A32-45EA-AAA2-E31F14F78389}.Debug|Any CPU.Build.0 = Debug|Any CPU
		{381E6AB4-2A32-45EA-AAA2-E31F14F78389}.Release|Any CPU.ActiveCfg = Release|Any CPU
		{381E6AB4-2A32-45EA-AAA2-E31F14F78389}.Release|Any CPU.Build.0 = Release|Any CPU
		{6C8CAC7D-136F-CBE2-BEEC-6AA6F54CE3DB}.Debug|Any CPU.ActiveCfg = Debug|Any CPU
		{6C8CAC7D-136F-CBE2-BEEC-6AA6F54CE3DB}.Debug|Any CPU.Build.0 = Debug|Any CPU
		{6C8CAC7D-136F-CBE2-BEEC-6AA6F54CE3DB}.Release|Any CPU.ActiveCfg = Release|Any CPU
		{6C8CAC7D-136F-CBE2-BEEC-6AA6F54CE3DB}.Release|Any CPU.Build.0 = Release|Any CPU
		{DE9138AB-8B33-5D82-E3EA-4F7DBD93D900}.Debug|Any CPU.ActiveCfg = Debug|Any CPU
		{DE9138AB-8B33-5D82-E3EA-4F7DBD93D900}.Debug|Any CPU.Build.0 = Debug|Any CPU
		{DE9138AB-8B33-5D82-E3EA-4F7DBD93D900}.Release|Any CPU.ActiveCfg = Release|Any CPU
		{DE9138AB-8B33-5D82-E3EA-4F7DBD93D900}.Release|Any CPU.Build.0 = Release|Any CPU
		{58A07AE4-DB78-8DD4-6BA7-C580FCD672EA}.Debug|Any CPU.ActiveCfg = Debug|Any CPU
		{58A07AE4-DB78-8DD4-6BA7-C580FCD672EA}.Debug|Any CPU.Build.0 = Debug|Any CPU
		{58A07AE4-DB78-8DD4-6BA7-C580FCD672EA}.Release|Any CPU.ActiveCfg = Release|Any CPU
		{58A07AE4-DB78-8DD4-6BA7-C580FCD672EA}.Release|Any CPU.Build.0 = Release|Any CPU
		{73BEB378-CC36-B095-87E1-03A8209B4239}.Debug|Any CPU.ActiveCfg = Debug|Any CPU
		{73BEB378-CC36-B095-87E1-03A8209B4239}.Debug|Any CPU.Build.0 = Debug|Any CPU
		{73BEB378-CC36-B095-87E1-03A8209B4239}.Release|Any CPU.ActiveCfg = Release|Any CPU
		{73BEB378-CC36-B095-87E1-03A8209B4239}.Release|Any CPU.Build.0 = Release|Any CPU
		{4F3BE4DD-4CBD-B8E5-3497-F71D1EBA5795}.Debug|Any CPU.ActiveCfg = Debug|Any CPU
		{4F3BE4DD-4CBD-B8E5-3497-F71D1EBA5795}.Debug|Any CPU.Build.0 = Debug|Any CPU
		{4F3BE4DD-4CBD-B8E5-3497-F71D1EBA5795}.Release|Any CPU.ActiveCfg = Release|Any CPU
		{4F3BE4DD-4CBD-B8E5-3497-F71D1EBA5795}.Release|Any CPU.Build.0 = Release|Any CPU
	EndGlobalSection
	GlobalSection(SolutionProperties) = preSolution
		HideSolutionNode = FALSE
	EndGlobalSection
EndGlobal
